// !$*UTF8*$!
{
	archiveVersion = 1;
	classes = {
	};
	objectVersion = 46;
	objects = {

/* Begin PBXBuildFile section */
		1D60589B0D05DD56006BFB54 /* main.m in Sources */ = {isa = PBXBuildFile; fileRef = 29B97316FDCFA39411CA2CEA /* main.m */; };
		1D60589F0D05DD5A006BFB54 /* Foundation.framework in Frameworks */ = {isa = PBXBuildFile; fileRef = 1D30AB110D05D00D00671497 /* Foundation.framework */; };
		1DF5F4E00D08C38300B7A737 /* UIKit.framework in Frameworks */ = {isa = PBXBuildFile; fileRef = 1DF5F4DF0D08C38300B7A737 /* UIKit.framework */; };
		288765A50DF7441C002DB57D /* CoreGraphics.framework in Frameworks */ = {isa = PBXBuildFile; fileRef = 288765A40DF7441C002DB57D /* CoreGraphics.framework */; };
		28C3AD8A0F43EF2300507BA6 /* TNWLM2.xcdatamodel in Sources */ = {isa = PBXBuildFile; fileRef = 28C3AD890F43EF2300507BA6 /* TNWLM2.xcdatamodel */; };
		28D801B40F44B63D00FB423F /* CoreData.framework in Frameworks */ = {isa = PBXBuildFile; fileRef = 28D801B30F44B63D00FB423F /* CoreData.framework */; };
		320AF8492C47A4D819F7C451 /* QuartzCore.framework in Frameworks */ = {isa = PBXBuildFile; fileRef = 320AF8492C47A4D819F7C450 /* QuartzCore.framework */; };
		D20DB94F12E45C7500C9975C /* PhotoResponse.m in Sources */ = {isa = PBXBuildFile; fileRef = D20DB94E12E45C7500C9975C /* PhotoResponse.m */; };
		D225664D1260865B001F97E1 /* Releases.png in Resources */ = {isa = PBXBuildFile; fileRef = D22566491260865B001F97E1 /* Releases.png */; };
		D22566501260865B001F97E1 /* Videos.png in Resources */ = {isa = PBXBuildFile; fileRef = D225664C1260865B001F97E1 /* Videos.png */; };
		D225666E1260874B001F97E1 /* Contact.png in Resources */ = {isa = PBXBuildFile; fileRef = D22566691260874B001F97E1 /* Contact.png */; };
		D225666F1260874B001F97E1 /* Listen.png in Resources */ = {isa = PBXBuildFile; fileRef = D225666A1260874B001F97E1 /* Listen.png */; };
		D22566701260874B001F97E1 /* Members.png in Resources */ = {isa = PBXBuildFile; fileRef = D225666B1260874B001F97E1 /* Members.png */; };
		D22566711260874B001F97E1 /* News.png in Resources */ = {isa = PBXBuildFile; fileRef = D225666C1260874B001F97E1 /* News.png */; };
		D22566721260874B001F97E1 /* Pictures.png in Resources */ = {isa = PBXBuildFile; fileRef = D225666D1260874B001F97E1 /* Pictures.png */; };
		D225668412608ED1001F97E1 /* CommonData.m in Sources */ = {isa = PBXBuildFile; fileRef = D225668312608ED1001F97E1 /* CommonData.m */; };
		D22567221260C074001F97E1 /* RegexKitLite.m in Sources */ = {isa = PBXBuildFile; fileRef = D22567211260C074001F97E1 /* RegexKitLite.m */; };
		D2494A2F12CD36E80089FC79 /* SystemConfiguration.framework in Frameworks */ = {isa = PBXBuildFile; fileRef = D2494A2E12CD36E80089FC79 /* SystemConfiguration.framework */; };
		D2494A3412CD372A0089FC79 /* Reachability.m in Sources */ = {isa = PBXBuildFile; fileRef = D2494A3312CD372A0089FC79 /* Reachability.m */; };
		D276233512C3421D00AFA9DE /* libTapkuLibrary.a in Frameworks */ = {isa = PBXBuildFile; fileRef = D276233212C3421A00AFA9DE /* libTapkuLibrary.a */; };
		D276233B12C3424800AFA9DE /* TapkuLibrary.bundle in Resources */ = {isa = PBXBuildFile; fileRef = D276233A12C3424800AFA9DE /* TapkuLibrary.bundle */; };
		D27623A312C3426D00AFA9DE /* MapKit.framework in Frameworks */ = {isa = PBXBuildFile; fileRef = D27623A212C3426D00AFA9DE /* MapKit.framework */; };
		D27623AB12C342D600AFA9DE /* ReleasesView.m in Sources */ = {isa = PBXBuildFile; fileRef = D27623AA12C342D600AFA9DE /* ReleasesView.m */; };
		D27623FA12C3460300AFA9DE /* FeedItem.m in Sources */ = {isa = PBXBuildFile; fileRef = D27623F912C3460300AFA9DE /* FeedItem.m */; };
		D27623FD12C349C400AFA9DE /* FeedModel.m in Sources */ = {isa = PBXBuildFile; fileRef = D27623FC12C349C400AFA9DE /* FeedModel.m */; };
		D276240012C34C6500AFA9DE /* NewsDataSource.m in Sources */ = {isa = PBXBuildFile; fileRef = D27623FF12C34C6500AFA9DE /* NewsDataSource.m */; };
		D276240312C34DE800AFA9DE /* NewsView.m in Sources */ = {isa = PBXBuildFile; fileRef = D276240212C34DE800AFA9DE /* NewsView.m */; };
		D29042E412E73BE400818EA4 /* albums.plist in Resources */ = {isa = PBXBuildFile; fileRef = D29042E312E73BE400818EA4 /* albums.plist */; };
		D2AA4CF012E7204D0068484A /* AlbumView.m in Sources */ = {isa = PBXBuildFile; fileRef = D2AA4CEF12E7204D0068484A /* AlbumView.m */; };
		D2ACC488125D021800A2688D /* Default.png in Resources */ = {isa = PBXBuildFile; fileRef = D2ACC487125D021800A2688D /* Default.png */; };
		D2ACC4F4125D156400A2688D /* background.jpg in Resources */ = {isa = PBXBuildFile; fileRef = D2ACC4F3125D156400A2688D /* background.jpg */; };
		D2CAA30B12E0A65100ECA54B /* PhotosDataSource.m in Sources */ = {isa = PBXBuildFile; fileRef = D2CAA30A12E0A65100ECA54B /* PhotosDataSource.m */; };
		D2CAA31112E0A67C00ECA54B /* PhotoItem.m in Sources */ = {isa = PBXBuildFile; fileRef = D2CAA31012E0A67C00ECA54B /* PhotoItem.m */; };
		D2CAA33E12E0B11500ECA54B /* PhotosView.m in Sources */ = {isa = PBXBuildFile; fileRef = D2CAA33D12E0B11500ECA54B /* PhotosView.m */; };
		D2CB4F5312536818001A31CA /* LauncherView.m in Sources */ = {isa = PBXBuildFile; fileRef = D2CB4F5212536818001A31CA /* LauncherView.m */; };
		D2CB4F61125369A3001A31CA /* Icon.png in Resources */ = {isa = PBXBuildFile; fileRef = D2CB4F60125369A3001A31CA /* Icon.png */; };
		D2CB4F7812536AAA001A31CA /* AudioStreamer.m in Sources */ = {isa = PBXBuildFile; fileRef = D2CB4F7112536AAA001A31CA /* AudioStreamer.m */; };
		D2CB4F7912536AAA001A31CA /* AudioPlayer.m in Sources */ = {isa = PBXBuildFile; fileRef = D2CB4F7312536AAA001A31CA /* AudioPlayer.m */; };
		D2CB4F7A12536AAA001A31CA /* LevelMeterView.m in Sources */ = {isa = PBXBuildFile; fileRef = D2CB4F7512536AAA001A31CA /* LevelMeterView.m */; };
		D2CB4FA912536B0B001A31CA /* AudioToolbox.framework in Frameworks */ = {isa = PBXBuildFile; fileRef = D2CB4FA812536B0B001A31CA /* AudioToolbox.framework */; };
		D2CB4FAB12536B0B001A31CA /* CFNetwork.framework in Frameworks */ = {isa = PBXBuildFile; fileRef = D2CB4FAA12536B0B001A31CA /* CFNetwork.framework */; };
		D2CB4FAD12536B0B001A31CA /* MediaPlayer.framework in Frameworks */ = {isa = PBXBuildFile; fileRef = D2CB4FAC12536B0B001A31CA /* MediaPlayer.framework */; };
		D2CB4FB212536B2A001A31CA /* loadingbutton.png in Resources */ = {isa = PBXBuildFile; fileRef = D2CB4FAE12536B2A001A31CA /* loadingbutton.png */; };
		D2CB4FB412536B2A001A31CA /* playbutton.png in Resources */ = {isa = PBXBuildFile; fileRef = D2CB4FB012536B2A001A31CA /* playbutton.png */; };
		D2CB4FB512536B2A001A31CA /* stopbutton.png in Resources */ = {isa = PBXBuildFile; fileRef = D2CB4FB112536B2A001A31CA /* stopbutton.png */; };
		D2CB4FBB12536BEC001A31CA /* AudioPlayer.xib in Resources */ = {isa = PBXBuildFile; fileRef = D2CB4FBA12536BEC001A31CA /* AudioPlayer.xib */; };
		D2D2237512C38BC700CC6E04 /* libThree20Core-Xcode3.2.5.a in Frameworks */ = {isa = PBXBuildFile; fileRef = D2D2232D12C38BA500CC6E04 /* libThree20Core-Xcode3.2.5.a */; };
		D2D2237612C38BCA00CC6E04 /* libThree20Network-Xcode3.2.5.a in Frameworks */ = {isa = PBXBuildFile; fileRef = D2D2233912C38BA500CC6E04 /* libThree20Network-Xcode3.2.5.a */; };
		D2D2237712C38BCE00CC6E04 /* libThree20Style-Xcode3.2.5.a in Frameworks */ = {isa = PBXBuildFile; fileRef = D2D2234512C38BA500CC6E04 /* libThree20Style-Xcode3.2.5.a */; };
		D2D2237812C38BD100CC6E04 /* libThree20UI-Xcode3.2.5.a in Frameworks */ = {isa = PBXBuildFile; fileRef = D2D2236912C38BA500CC6E04 /* libThree20UI-Xcode3.2.5.a */; };
		D2D2237912C38BD300CC6E04 /* libThree20UICommon-Xcode3.2.5.a in Frameworks */ = {isa = PBXBuildFile; fileRef = D2D2235112C38BA500CC6E04 /* libThree20UICommon-Xcode3.2.5.a */; };
		D2D2237A12C38BD600CC6E04 /* libThree20UINavigator-Xcode3.2.5.a in Frameworks */ = {isa = PBXBuildFile; fileRef = D2D2235D12C38BA500CC6E04 /* libThree20UINavigator-Xcode3.2.5.a */; };
		D2D2238A12C38C2400CC6E04 /* Three20.bundle in Resources */ = {isa = PBXBuildFile; fileRef = D2D2238912C38C2400CC6E04 /* Three20.bundle */; };
		D2D223A612C38D0400CC6E04 /* libextThree20XML-Xcode3.2.5.a in Frameworks */ = {isa = PBXBuildFile; fileRef = D2D223A112C38D0000CC6E04 /* libextThree20XML-Xcode3.2.5.a */; };
		D2D6D75E12CA79900039776B /* MembersView.m in Sources */ = {isa = PBXBuildFile; fileRef = D2D6D75D12CA79900039776B /* MembersView.m */; };
		D2D6D78912CA7FBF0039776B /* VideoDataSource.m in Sources */ = {isa = PBXBuildFile; fileRef = D2D6D78812CA7FBF0039776B /* VideoDataSource.m */; };
		D2D6D78C12CA818A0039776B /* VideosView.m in Sources */ = {isa = PBXBuildFile; fileRef = D2D6D78B12CA818A0039776B /* VideosView.m */; };
		D2E0809E12EDD5F90091D129 /* YouTubeTextItem.m in Sources */ = {isa = PBXBuildFile; fileRef = D2E0809D12EDD5F90091D129 /* YouTubeTextItem.m */; };
		D2E080C612EDD7810091D129 /* YoutubeTableCell.m in Sources */ = {isa = PBXBuildFile; fileRef = D2E080C512EDD7810091D129 /* YoutubeTableCell.m */; };
		D2EDFF0712D112EF00C62319 /* echoesinthealleyway.png in Resources */ = {isa = PBXBuildFile; fileRef = D2EDFEFF12D112EF00C62319 /* echoesinthealleyway.png */; };
		D2EDFF0812D112EF00C62319 /* hereagainsomewhere.png in Resources */ = {isa = PBXBuildFile; fileRef = D2EDFF0012D112EF00C62319 /* hereagainsomewhere.png */; };
		D2EDFF0912D112EF00C62319 /* ill.png in Resources */ = {isa = PBXBuildFile; fileRef = D2EDFF0112D112EF00C62319 /* ill.png */; };
		D2EDFF0A12D112EF00C62319 /* inthisroom.png in Resources */ = {isa = PBXBuildFile; fileRef = D2EDFF0212D112EF00C62319 /* inthisroom.png */; };
		D2EDFF0B12D112EF00C62319 /* lemonheads.png in Resources */ = {isa = PBXBuildFile; fileRef = D2EDFF0312D112EF00C62319 /* lemonheads.png */; };
		D2EDFF0C12D112EF00C62319 /* nursecd2004.png in Resources */ = {isa = PBXBuildFile; fileRef = D2EDFF0412D112EF00C62319 /* nursecd2004.png */; };
		D2EDFF0E12D112EF00C62319 /* vandalattack.png in Resources */ = {isa = PBXBuildFile; fileRef = D2EDFF0612D112EF00C62319 /* vandalattack.png */; };
		D2F0E4111253909F007B48CA /* NPStyles.m in Sources */ = {isa = PBXBuildFile; fileRef = D2F0E4101253909F007B48CA /* NPStyles.m */; };
		EB383C0610BBF8A40000B2D2 /* AppDelegate.m in Sources */ = {isa = PBXBuildFile; fileRef = EB383C0510BBF8A40000B2D2 /* AppDelegate.m */; };
		EB383C1410BBF8C70000B2D2 /* QuartzCore.framework in Frameworks */ = {isa = PBXBuildFile; fileRef = EB383C1310BBF8C70000B2D2 /* QuartzCore.framework */; };
/* End PBXBuildFile section */

/* Begin PBXContainerItemProxy section */
		D276233112C3421A00AFA9DE /* PBXContainerItemProxy */ = {
			isa = PBXContainerItemProxy;
			containerPortal = D276232912C3421A00AFA9DE /* TapkuLibrary.xcodeproj */;
			proxyType = 2;
			remoteGlobalIDString = D2AAC07E0554694100DB518D;
			remoteInfo = TapkuLibrary;
		};
		D276233312C3421A00AFA9DE /* PBXContainerItemProxy */ = {
			isa = PBXContainerItemProxy;
			containerPortal = D276232912C3421A00AFA9DE /* TapkuLibrary.xcodeproj */;
			proxyType = 2;
			remoteGlobalIDString = 3B6EDD521154791900E454DA;
			remoteInfo = TapkuLibraryExtra;
		};
		D276233612C3423100AFA9DE /* PBXContainerItemProxy */ = {
			isa = PBXContainerItemProxy;
			containerPortal = D276232912C3421A00AFA9DE /* TapkuLibrary.xcodeproj */;
			proxyType = 1;
			remoteGlobalIDString = D2AAC07D0554694100DB518D;
			remoteInfo = TapkuLibrary;
		};
		D2D2230212C38B8A00CC6E04 /* PBXContainerItemProxy */ = {
			isa = PBXContainerItemProxy;
			containerPortal = D2D222FB12C38B8A00CC6E04 /* Three20.xcodeproj */;
			proxyType = 2;
			remoteGlobalIDString = BEF31F3A0F352DF5000DE5D2;
			remoteInfo = Three20;
		};
		D2D2230412C38B8A00CC6E04 /* PBXContainerItemProxy */ = {
			isa = PBXContainerItemProxy;
			containerPortal = D2D222FB12C38B8A00CC6E04 /* Three20.xcodeproj */;
			proxyType = 2;
			remoteGlobalIDString = 665A55DE126521740032D0BE;
			remoteInfo = "Three20-Xcode3.2.5";
		};
		D2D2230612C38B8A00CC6E04 /* PBXContainerItemProxy */ = {
			isa = PBXContainerItemProxy;
			containerPortal = D2D222FB12C38B8A00CC6E04 /* Three20.xcodeproj */;
			proxyType = 2;
			remoteGlobalIDString = EB9E6C6210B6A8F800DE563C;
			remoteInfo = Three20UnitTests;
		};
		D2D2230812C38B8A00CC6E04 /* PBXContainerItemProxy */ = {
			isa = PBXContainerItemProxy;
			containerPortal = D2D222FB12C38B8A00CC6E04 /* Three20.xcodeproj */;
			proxyType = 2;
			remoteGlobalIDString = 665A55FB126521740032D0BE;
			remoteInfo = "Three20UnitTests-Xcode3.2.5";
		};
		D2D2232A12C38BA500CC6E04 /* PBXContainerItemProxy */ = {
			isa = PBXContainerItemProxy;
			containerPortal = D2D2231412C38BA500CC6E04 /* Three20Core.xcodeproj */;
			proxyType = 2;
			remoteGlobalIDString = BEF31F3A0F352DF5000DE5D2;
			remoteInfo = Three20Core;
		};
		D2D2232C12C38BA500CC6E04 /* PBXContainerItemProxy */ = {
			isa = PBXContainerItemProxy;
			containerPortal = D2D2231412C38BA500CC6E04 /* Three20Core.xcodeproj */;
			proxyType = 2;
			remoteGlobalIDString = 6650CAA21262F6E2003FF804;
			remoteInfo = "Three20Core-Xcode3.2.5";
		};
		D2D2232E12C38BA500CC6E04 /* PBXContainerItemProxy */ = {
			isa = PBXContainerItemProxy;
			containerPortal = D2D2231412C38BA500CC6E04 /* Three20Core.xcodeproj */;
			proxyType = 2;
			remoteGlobalIDString = EB9E6C6210B6A8F800DE563C;
			remoteInfo = Three20CoreUnitTests;
		};
		D2D2233612C38BA500CC6E04 /* PBXContainerItemProxy */ = {
			isa = PBXContainerItemProxy;
			containerPortal = D2D2231712C38BA500CC6E04 /* Three20Network.xcodeproj */;
			proxyType = 2;
			remoteGlobalIDString = BEF31F3A0F352DF5000DE5D2;
			remoteInfo = Three20Network;
		};
		D2D2233812C38BA500CC6E04 /* PBXContainerItemProxy */ = {
			isa = PBXContainerItemProxy;
			containerPortal = D2D2231712C38BA500CC6E04 /* Three20Network.xcodeproj */;
			proxyType = 2;
			remoteGlobalIDString = 662D81EF12630516005851C2;
			remoteInfo = "Three20Network-Xcode3.2.5";
		};
		D2D2233A12C38BA500CC6E04 /* PBXContainerItemProxy */ = {
			isa = PBXContainerItemProxy;
			containerPortal = D2D2231712C38BA500CC6E04 /* Three20Network.xcodeproj */;
			proxyType = 2;
			remoteGlobalIDString = EB9E6C6210B6A8F800DE563C;
			remoteInfo = Three20NetworkUnitTests;
		};
		D2D2233C12C38BA500CC6E04 /* PBXContainerItemProxy */ = {
			isa = PBXContainerItemProxy;
			containerPortal = D2D2231712C38BA500CC6E04 /* Three20Network.xcodeproj */;
			proxyType = 2;
			remoteGlobalIDString = 662D81B2126304EB005851C2;
			remoteInfo = "Three20NetworkUnitTests-Xcode3.2.5";
		};
		D2D2234212C38BA500CC6E04 /* PBXContainerItemProxy */ = {
			isa = PBXContainerItemProxy;
			containerPortal = D2D2231A12C38BA500CC6E04 /* Three20Style.xcodeproj */;
			proxyType = 2;
			remoteGlobalIDString = BEF31F3A0F352DF5000DE5D2;
			remoteInfo = Three20Style;
		};
		D2D2234412C38BA500CC6E04 /* PBXContainerItemProxy */ = {
			isa = PBXContainerItemProxy;
			containerPortal = D2D2231A12C38BA500CC6E04 /* Three20Style.xcodeproj */;
			proxyType = 2;
			remoteGlobalIDString = 66C16BE912639E2700A7825A;
			remoteInfo = "Three20Style-Xcode3.2.5";
		};
		D2D2234612C38BA500CC6E04 /* PBXContainerItemProxy */ = {
			isa = PBXContainerItemProxy;
			containerPortal = D2D2231A12C38BA500CC6E04 /* Three20Style.xcodeproj */;
			proxyType = 2;
			remoteGlobalIDString = EB9E6C6210B6A8F800DE563C;
			remoteInfo = Three20StyleUnitTests;
		};
		D2D2234812C38BA500CC6E04 /* PBXContainerItemProxy */ = {
			isa = PBXContainerItemProxy;
			containerPortal = D2D2231A12C38BA500CC6E04 /* Three20Style.xcodeproj */;
			proxyType = 2;
			remoteGlobalIDString = 66C16C0112639E4500A7825A;
			remoteInfo = "Three20StyleUnitTests-Xcode3.2.5";
		};
		D2D2234E12C38BA500CC6E04 /* PBXContainerItemProxy */ = {
			isa = PBXContainerItemProxy;
			containerPortal = D2D2231D12C38BA500CC6E04 /* Three20UICommon.xcodeproj */;
			proxyType = 2;
			remoteGlobalIDString = BEF31F3A0F352DF5000DE5D2;
			remoteInfo = Three20UICommon;
		};
		D2D2235012C38BA500CC6E04 /* PBXContainerItemProxy */ = {
			isa = PBXContainerItemProxy;
			containerPortal = D2D2231D12C38BA500CC6E04 /* Three20UICommon.xcodeproj */;
			proxyType = 2;
			remoteGlobalIDString = 665A53761264D54B0032D0BE;
			remoteInfo = "Three20UICommon-Xcode3.2.5";
		};
		D2D2235212C38BA500CC6E04 /* PBXContainerItemProxy */ = {
			isa = PBXContainerItemProxy;
			containerPortal = D2D2231D12C38BA500CC6E04 /* Three20UICommon.xcodeproj */;
			proxyType = 2;
			remoteGlobalIDString = EB9E6C6210B6A8F800DE563C;
			remoteInfo = Three20UICommonUnitTests;
		};
		D2D2235412C38BA500CC6E04 /* PBXContainerItemProxy */ = {
			isa = PBXContainerItemProxy;
			containerPortal = D2D2231D12C38BA500CC6E04 /* Three20UICommon.xcodeproj */;
			proxyType = 2;
			remoteGlobalIDString = 665A53891264D54B0032D0BE;
			remoteInfo = "Three20UICommonUnitTests-Xcode3.2.5";
		};
		D2D2235A12C38BA500CC6E04 /* PBXContainerItemProxy */ = {
			isa = PBXContainerItemProxy;
			containerPortal = D2D2232012C38BA500CC6E04 /* Three20UINavigator.xcodeproj */;
			proxyType = 2;
			remoteGlobalIDString = BEF31F3A0F352DF5000DE5D2;
			remoteInfo = Three20UINavigator;
		};
		D2D2235C12C38BA500CC6E04 /* PBXContainerItemProxy */ = {
			isa = PBXContainerItemProxy;
			containerPortal = D2D2232012C38BA500CC6E04 /* Three20UINavigator.xcodeproj */;
			proxyType = 2;
			remoteGlobalIDString = 665A54521264DAF70032D0BE;
			remoteInfo = "Three20UINavigator-Xcode3.2.5";
		};
		D2D2235E12C38BA500CC6E04 /* PBXContainerItemProxy */ = {
			isa = PBXContainerItemProxy;
			containerPortal = D2D2232012C38BA500CC6E04 /* Three20UINavigator.xcodeproj */;
			proxyType = 2;
			remoteGlobalIDString = EB9E6C6210B6A8F800DE563C;
			remoteInfo = Three20UINavigatorUnitTests;
		};
		D2D2236012C38BA500CC6E04 /* PBXContainerItemProxy */ = {
			isa = PBXContainerItemProxy;
			containerPortal = D2D2232012C38BA500CC6E04 /* Three20UINavigator.xcodeproj */;
			proxyType = 2;
			remoteGlobalIDString = 665A54681264DAF70032D0BE;
			remoteInfo = "Three20UINavigatorUnitTests-Xcode3.2.5";
		};
		D2D2236612C38BA500CC6E04 /* PBXContainerItemProxy */ = {
			isa = PBXContainerItemProxy;
			containerPortal = D2D2232312C38BA500CC6E04 /* Three20UI.xcodeproj */;
			proxyType = 2;
			remoteGlobalIDString = BEF31F3A0F352DF5000DE5D2;
			remoteInfo = Three20UI;
		};
		D2D2236812C38BA500CC6E04 /* PBXContainerItemProxy */ = {
			isa = PBXContainerItemProxy;
			containerPortal = D2D2232312C38BA500CC6E04 /* Three20UI.xcodeproj */;
			proxyType = 2;
			remoteGlobalIDString = 66FC2BC81264E3A400F56B19;
			remoteInfo = "Three20UI-Xcode3.2.5";
		};
		D2D2236A12C38BA500CC6E04 /* PBXContainerItemProxy */ = {
			isa = PBXContainerItemProxy;
			containerPortal = D2D2232312C38BA500CC6E04 /* Three20UI.xcodeproj */;
			proxyType = 2;
			remoteGlobalIDString = EB9E6C6210B6A8F800DE563C;
			remoteInfo = Three20UIUnitTests;
		};
		D2D2236C12C38BA500CC6E04 /* PBXContainerItemProxy */ = {
			isa = PBXContainerItemProxy;
			containerPortal = D2D2232312C38BA500CC6E04 /* Three20UI.xcodeproj */;
			proxyType = 2;
			remoteGlobalIDString = 66FC2BE61264E3A500F56B19;
			remoteInfo = "Three20UIUnitTests-Xcode3.2.5";
		};
		D2D2237B12C38C0900CC6E04 /* PBXContainerItemProxy */ = {
			isa = PBXContainerItemProxy;
			containerPortal = D2D2231D12C38BA500CC6E04 /* Three20UICommon.xcodeproj */;
			proxyType = 1;
			remoteGlobalIDString = 665A53601264D54B0032D0BE;
			remoteInfo = "Three20UICommon-Xcode3.2.5";
		};
		D2D2237D12C38C0900CC6E04 /* PBXContainerItemProxy */ = {
			isa = PBXContainerItemProxy;
			containerPortal = D2D2231A12C38BA500CC6E04 /* Three20Style.xcodeproj */;
			proxyType = 1;
			remoteGlobalIDString = 66C16B6012639E2700A7825A;
			remoteInfo = "Three20Style-Xcode3.2.5";
		};
		D2D2237F12C38C0900CC6E04 /* PBXContainerItemProxy */ = {
			isa = PBXContainerItemProxy;
			containerPortal = D2D2232012C38BA500CC6E04 /* Three20UINavigator.xcodeproj */;
			proxyType = 1;
			remoteGlobalIDString = 665A541D1264DAF70032D0BE;
			remoteInfo = "Three20UINavigator-Xcode3.2.5";
		};
		D2D2238112C38C0900CC6E04 /* PBXContainerItemProxy */ = {
			isa = PBXContainerItemProxy;
			containerPortal = D2D222FB12C38B8A00CC6E04 /* Three20.xcodeproj */;
			proxyType = 1;
			remoteGlobalIDString = 665A55C6126521740032D0BE;
			remoteInfo = "Three20-Xcode3.2.5";
		};
		D2D2238312C38C0900CC6E04 /* PBXContainerItemProxy */ = {
			isa = PBXContainerItemProxy;
			containerPortal = D2D2231412C38BA500CC6E04 /* Three20Core.xcodeproj */;
			proxyType = 1;
			remoteGlobalIDString = 6650CA791262F6E2003FF804;
			remoteInfo = "Three20Core-Xcode3.2.5";
		};
		D2D2238512C38C0900CC6E04 /* PBXContainerItemProxy */ = {
			isa = PBXContainerItemProxy;
			containerPortal = D2D2232312C38BA500CC6E04 /* Three20UI.xcodeproj */;
			proxyType = 1;
			remoteGlobalIDString = 66FC2AB51264E3A400F56B19;
			remoteInfo = "Three20UI-Xcode3.2.5";
		};
		D2D2238712C38C0900CC6E04 /* PBXContainerItemProxy */ = {
			isa = PBXContainerItemProxy;
			containerPortal = D2D2231712C38BA500CC6E04 /* Three20Network.xcodeproj */;
			proxyType = 1;
			remoteGlobalIDString = 662D81C912630516005851C2;
			remoteInfo = "Three20Network-Xcode3.2.5";
		};
		D2D2239E12C38D0000CC6E04 /* PBXContainerItemProxy */ = {
			isa = PBXContainerItemProxy;
			containerPortal = D2D2239212C38D0000CC6E04 /* extThree20XML.xcodeproj */;
			proxyType = 2;
			remoteGlobalIDString = BEF31F3A0F352DF5000DE5D2;
			remoteInfo = extThree20XML;
		};
		D2D223A012C38D0000CC6E04 /* PBXContainerItemProxy */ = {
			isa = PBXContainerItemProxy;
			containerPortal = D2D2239212C38D0000CC6E04 /* extThree20XML.xcodeproj */;
			proxyType = 2;
			remoteGlobalIDString = 66C34C99126625E000489E9A;
			remoteInfo = "extThree20XML-Xcode3.2.5";
		};
		D2D223A212C38D0000CC6E04 /* PBXContainerItemProxy */ = {
			isa = PBXContainerItemProxy;
			containerPortal = D2D2239212C38D0000CC6E04 /* extThree20XML.xcodeproj */;
			proxyType = 2;
			remoteGlobalIDString = EB9E6C6210B6A8F800DE563C;
			remoteInfo = extThree20XMLUnitTests;
		};
		D2D223A412C38D0000CC6E04 /* PBXContainerItemProxy */ = {
			isa = PBXContainerItemProxy;
			containerPortal = D2D2239212C38D0000CC6E04 /* extThree20XML.xcodeproj */;
			proxyType = 2;
			remoteGlobalIDString = 66C34CAF126625E000489E9A;
			remoteInfo = "extThree20XMLUnitTests-Xcode3.2.5";
		};
		D2D6D73912CA721E0039776B /* PBXContainerItemProxy */ = {
			isa = PBXContainerItemProxy;
			containerPortal = D2D2239212C38D0000CC6E04 /* extThree20XML.xcodeproj */;
			proxyType = 1;
			remoteGlobalIDString = 66C34C87126625E000489E9A;
			remoteInfo = "extThree20XML-Xcode3.2.5";
		};
/* End PBXContainerItemProxy section */

/* Begin PBXFileReference section */
		1D30AB110D05D00D00671497 /* Foundation.framework */ = {isa = PBXFileReference; lastKnownFileType = wrapper.framework; name = Foundation.framework; path = System/Library/Frameworks/Foundation.framework; sourceTree = SDKROOT; };
		1D6058910D05DD3D006BFB54 /* TNWLM2.app */ = {isa = PBXFileReference; explicitFileType = wrapper.application; includeInIndex = 0; path = TNWLM2.app; sourceTree = BUILT_PRODUCTS_DIR; };
		1DF5F4DF0D08C38300B7A737 /* UIKit.framework */ = {isa = PBXFileReference; lastKnownFileType = wrapper.framework; name = UIKit.framework; path = System/Library/Frameworks/UIKit.framework; sourceTree = SDKROOT; };
		288765A40DF7441C002DB57D /* CoreGraphics.framework */ = {isa = PBXFileReference; lastKnownFileType = wrapper.framework; name = CoreGraphics.framework; path = System/Library/Frameworks/CoreGraphics.framework; sourceTree = SDKROOT; };
		28C3AD890F43EF2300507BA6 /* TNWLM2.xcdatamodel */ = {isa = PBXFileReference; fileEncoding = 4; lastKnownFileType = wrapper.xcdatamodel; path = TNWLM2.xcdatamodel; sourceTree = "<group>"; };
		28D801B30F44B63D00FB423F /* CoreData.framework */ = {isa = PBXFileReference; lastKnownFileType = wrapper.framework; name = CoreData.framework; path = System/Library/Frameworks/CoreData.framework; sourceTree = SDKROOT; };
		29B97316FDCFA39411CA2CEA /* main.m */ = {isa = PBXFileReference; fileEncoding = 4; lastKnownFileType = sourcecode.c.objc; path = main.m; sourceTree = "<group>"; };
		320AF8492C47A4D819F7C450 /* QuartzCore.framework */ = {isa = PBXFileReference; lastKnownFileType = wrapper.framework; name = QuartzCore.framework; path = System/Library/Frameworks/QuartzCore.framework; sourceTree = SDK_ROOT; };
		32CA4F630368D1EE00C91783 /* TNWLM2_Prefix.pch */ = {isa = PBXFileReference; fileEncoding = 4; lastKnownFileType = sourcecode.c.h; path = TNWLM2_Prefix.pch; sourceTree = "<group>"; };
		8D1107310486CEB800E47090 /* TNWLM2-Info.plist */ = {isa = PBXFileReference; fileEncoding = 4; lastKnownFileType = text.plist.xml; path = "TNWLM2-Info.plist"; sourceTree = "<group>"; };
		D20DB94D12E45C7500C9975C /* PhotoResponse.h */ = {isa = PBXFileReference; fileEncoding = 4; lastKnownFileType = sourcecode.c.h; path = PhotoResponse.h; sourceTree = "<group>"; };
		D20DB94E12E45C7500C9975C /* PhotoResponse.m */ = {isa = PBXFileReference; fileEncoding = 4; lastKnownFileType = sourcecode.c.objc; path = PhotoResponse.m; sourceTree = "<group>"; };
		D22566491260865B001F97E1 /* Releases.png */ = {isa = PBXFileReference; lastKnownFileType = image.png; path = Releases.png; sourceTree = "<group>"; };
		D225664C1260865B001F97E1 /* Videos.png */ = {isa = PBXFileReference; lastKnownFileType = image.png; path = Videos.png; sourceTree = "<group>"; };
		D22566691260874B001F97E1 /* Contact.png */ = {isa = PBXFileReference; lastKnownFileType = image.png; path = Contact.png; sourceTree = "<group>"; };
		D225666A1260874B001F97E1 /* Listen.png */ = {isa = PBXFileReference; lastKnownFileType = image.png; path = Listen.png; sourceTree = "<group>"; };
		D225666B1260874B001F97E1 /* Members.png */ = {isa = PBXFileReference; lastKnownFileType = image.png; path = Members.png; sourceTree = "<group>"; };
		D225666C1260874B001F97E1 /* News.png */ = {isa = PBXFileReference; lastKnownFileType = image.png; path = News.png; sourceTree = "<group>"; };
		D225666D1260874B001F97E1 /* Pictures.png */ = {isa = PBXFileReference; lastKnownFileType = image.png; path = Pictures.png; sourceTree = "<group>"; };
		D225668212608ED1001F97E1 /* CommonData.h */ = {isa = PBXFileReference; fileEncoding = 4; lastKnownFileType = sourcecode.c.h; path = CommonData.h; sourceTree = "<group>"; };
		D225668312608ED1001F97E1 /* CommonData.m */ = {isa = PBXFileReference; fileEncoding = 4; lastKnownFileType = sourcecode.c.objc; path = CommonData.m; sourceTree = "<group>"; };
		D225668512608F4B001F97E1 /* SynthesizeSingleton.h */ = {isa = PBXFileReference; fileEncoding = 4; lastKnownFileType = sourcecode.c.h; name = SynthesizeSingleton.h; path = Classes/SynthesizeSingleton.h; sourceTree = "<group>"; };
		D22567201260C074001F97E1 /* RegexKitLite.h */ = {isa = PBXFileReference; fileEncoding = 4; lastKnownFileType = sourcecode.c.h; name = RegexKitLite.h; path = Classes/RegexKitLite.h; sourceTree = "<group>"; };
		D22567211260C074001F97E1 /* RegexKitLite.m */ = {isa = PBXFileReference; fileEncoding = 4; lastKnownFileType = sourcecode.c.objc; name = RegexKitLite.m; path = Classes/RegexKitLite.m; sourceTree = "<group>"; };
		D2494A2E12CD36E80089FC79 /* SystemConfiguration.framework */ = {isa = PBXFileReference; lastKnownFileType = wrapper.framework; name = SystemConfiguration.framework; path = System/Library/Frameworks/SystemConfiguration.framework; sourceTree = SDKROOT; };
		D2494A3212CD372A0089FC79 /* Reachability.h */ = {isa = PBXFileReference; fileEncoding = 4; lastKnownFileType = sourcecode.c.h; name = Reachability.h; path = Classes/Reachability.h; sourceTree = "<group>"; };
		D2494A3312CD372A0089FC79 /* Reachability.m */ = {isa = PBXFileReference; fileEncoding = 4; lastKnownFileType = sourcecode.c.objc; name = Reachability.m; path = Classes/Reachability.m; sourceTree = "<group>"; };
		D276232912C3421A00AFA9DE /* TapkuLibrary.xcodeproj */ = {isa = PBXFileReference; lastKnownFileType = "wrapper.pb-project"; name = TapkuLibrary.xcodeproj; path = ../tapkulibrary/src/TapkuLibrary.xcodeproj; sourceTree = SOURCE_ROOT; };
		D276233A12C3424800AFA9DE /* TapkuLibrary.bundle */ = {isa = PBXFileReference; lastKnownFileType = "wrapper.plug-in"; name = TapkuLibrary.bundle; path = ../tapkulibrary/src/TapkuLibrary.bundle; sourceTree = SOURCE_ROOT; };
		D27623A212C3426D00AFA9DE /* MapKit.framework */ = {isa = PBXFileReference; lastKnownFileType = wrapper.framework; name = MapKit.framework; path = System/Library/Frameworks/MapKit.framework; sourceTree = SDKROOT; };
		D27623A912C342D600AFA9DE /* ReleasesView.h */ = {isa = PBXFileReference; fileEncoding = 4; lastKnownFileType = sourcecode.c.h; path = ReleasesView.h; sourceTree = "<group>"; };
		D27623AA12C342D600AFA9DE /* ReleasesView.m */ = {isa = PBXFileReference; fileEncoding = 4; lastKnownFileType = sourcecode.c.objc; path = ReleasesView.m; sourceTree = "<group>"; };
		D27623F812C3460300AFA9DE /* FeedItem.h */ = {isa = PBXFileReference; fileEncoding = 4; lastKnownFileType = sourcecode.c.h; path = FeedItem.h; sourceTree = "<group>"; };
		D27623F912C3460300AFA9DE /* FeedItem.m */ = {isa = PBXFileReference; fileEncoding = 4; lastKnownFileType = sourcecode.c.objc; path = FeedItem.m; sourceTree = "<group>"; };
		D27623FB12C349C400AFA9DE /* FeedModel.h */ = {isa = PBXFileReference; fileEncoding = 4; lastKnownFileType = sourcecode.c.h; path = FeedModel.h; sourceTree = "<group>"; };
		D27623FC12C349C400AFA9DE /* FeedModel.m */ = {isa = PBXFileReference; fileEncoding = 4; lastKnownFileType = sourcecode.c.objc; path = FeedModel.m; sourceTree = "<group>"; };
		D27623FE12C34C6500AFA9DE /* NewsDataSource.h */ = {isa = PBXFileReference; fileEncoding = 4; lastKnownFileType = sourcecode.c.h; path = NewsDataSource.h; sourceTree = "<group>"; };
		D27623FF12C34C6500AFA9DE /* NewsDataSource.m */ = {isa = PBXFileReference; fileEncoding = 4; lastKnownFileType = sourcecode.c.objc; path = NewsDataSource.m; sourceTree = "<group>"; };
		D276240112C34DE800AFA9DE /* NewsView.h */ = {isa = PBXFileReference; fileEncoding = 4; lastKnownFileType = sourcecode.c.h; path = NewsView.h; sourceTree = "<group>"; };
		D276240212C34DE800AFA9DE /* NewsView.m */ = {isa = PBXFileReference; fileEncoding = 4; lastKnownFileType = sourcecode.c.objc; path = NewsView.m; sourceTree = "<group>"; };
		D29042E312E73BE400818EA4 /* albums.plist */ = {isa = PBXFileReference; explicitFileType = text.plist.xml; fileEncoding = 4; path = albums.plist; sourceTree = "<group>"; };
		D2AA4CEE12E7204D0068484A /* AlbumView.h */ = {isa = PBXFileReference; fileEncoding = 4; lastKnownFileType = sourcecode.c.h; path = AlbumView.h; sourceTree = "<group>"; };
		D2AA4CEF12E7204D0068484A /* AlbumView.m */ = {isa = PBXFileReference; fileEncoding = 4; lastKnownFileType = sourcecode.c.objc; path = AlbumView.m; sourceTree = "<group>"; };
		D2ACC487125D021800A2688D /* Default.png */ = {isa = PBXFileReference; lastKnownFileType = image.png; path = Default.png; sourceTree = "<group>"; };
		D2ACC4F3125D156400A2688D /* background.jpg */ = {isa = PBXFileReference; lastKnownFileType = image.jpeg; path = background.jpg; sourceTree = "<group>"; };
		D2CAA30912E0A65100ECA54B /* PhotosDataSource.h */ = {isa = PBXFileReference; fileEncoding = 4; lastKnownFileType = sourcecode.c.h; path = PhotosDataSource.h; sourceTree = "<group>"; };
		D2CAA30A12E0A65100ECA54B /* PhotosDataSource.m */ = {isa = PBXFileReference; fileEncoding = 4; lastKnownFileType = sourcecode.c.objc; path = PhotosDataSource.m; sourceTree = "<group>"; };
		D2CAA30F12E0A67C00ECA54B /* PhotoItem.h */ = {isa = PBXFileReference; fileEncoding = 4; lastKnownFileType = sourcecode.c.h; path = PhotoItem.h; sourceTree = "<group>"; };
		D2CAA31012E0A67C00ECA54B /* PhotoItem.m */ = {isa = PBXFileReference; fileEncoding = 4; lastKnownFileType = sourcecode.c.objc; path = PhotoItem.m; sourceTree = "<group>"; };
		D2CAA33C12E0B11500ECA54B /* PhotosView.h */ = {isa = PBXFileReference; fileEncoding = 4; lastKnownFileType = sourcecode.c.h; path = PhotosView.h; sourceTree = "<group>"; };
		D2CAA33D12E0B11500ECA54B /* PhotosView.m */ = {isa = PBXFileReference; fileEncoding = 4; lastKnownFileType = sourcecode.c.objc; path = PhotosView.m; sourceTree = "<group>"; };
		D2CB4F5112536818001A31CA /* LauncherView.h */ = {isa = PBXFileReference; fileEncoding = 4; lastKnownFileType = sourcecode.c.h; path = LauncherView.h; sourceTree = "<group>"; };
		D2CB4F5212536818001A31CA /* LauncherView.m */ = {isa = PBXFileReference; fileEncoding = 4; lastKnownFileType = sourcecode.c.objc; path = LauncherView.m; sourceTree = "<group>"; };
		D2CB4F60125369A3001A31CA /* Icon.png */ = {isa = PBXFileReference; lastKnownFileType = image.png; path = Icon.png; sourceTree = "<group>"; };
		D2CB4F7012536AAA001A31CA /* AudioStreamer.h */ = {isa = PBXFileReference; fileEncoding = 4; lastKnownFileType = sourcecode.c.h; name = AudioStreamer.h; path = Classes/AudioStreamer.h; sourceTree = "<group>"; };
		D2CB4F7112536AAA001A31CA /* AudioStreamer.m */ = {isa = PBXFileReference; fileEncoding = 4; lastKnownFileType = sourcecode.c.objc; name = AudioStreamer.m; path = Classes/AudioStreamer.m; sourceTree = "<group>"; };
		D2CB4F7212536AAA001A31CA /* AudioPlayer.h */ = {isa = PBXFileReference; fileEncoding = 4; lastKnownFileType = sourcecode.c.h; path = AudioPlayer.h; sourceTree = "<group>"; };
		D2CB4F7312536AAA001A31CA /* AudioPlayer.m */ = {isa = PBXFileReference; fileEncoding = 4; lastKnownFileType = sourcecode.c.objc; path = AudioPlayer.m; sourceTree = "<group>"; };
		D2CB4F7412536AAA001A31CA /* LevelMeterView.h */ = {isa = PBXFileReference; fileEncoding = 4; lastKnownFileType = sourcecode.c.h; path = LevelMeterView.h; sourceTree = "<group>"; };
		D2CB4F7512536AAA001A31CA /* LevelMeterView.m */ = {isa = PBXFileReference; fileEncoding = 4; lastKnownFileType = sourcecode.c.objc; path = LevelMeterView.m; sourceTree = "<group>"; };
		D2CB4FA812536B0B001A31CA /* AudioToolbox.framework */ = {isa = PBXFileReference; lastKnownFileType = wrapper.framework; name = AudioToolbox.framework; path = System/Library/Frameworks/AudioToolbox.framework; sourceTree = SDKROOT; };
		D2CB4FAA12536B0B001A31CA /* CFNetwork.framework */ = {isa = PBXFileReference; lastKnownFileType = wrapper.framework; name = CFNetwork.framework; path = System/Library/Frameworks/CFNetwork.framework; sourceTree = SDKROOT; };
		D2CB4FAC12536B0B001A31CA /* MediaPlayer.framework */ = {isa = PBXFileReference; lastKnownFileType = wrapper.framework; name = MediaPlayer.framework; path = System/Library/Frameworks/MediaPlayer.framework; sourceTree = SDKROOT; };
		D2CB4FAE12536B2A001A31CA /* loadingbutton.png */ = {isa = PBXFileReference; lastKnownFileType = image.png; path = loadingbutton.png; sourceTree = "<group>"; };
		D2CB4FB012536B2A001A31CA /* playbutton.png */ = {isa = PBXFileReference; lastKnownFileType = image.png; path = playbutton.png; sourceTree = "<group>"; };
		D2CB4FB112536B2A001A31CA /* stopbutton.png */ = {isa = PBXFileReference; lastKnownFileType = image.png; path = stopbutton.png; sourceTree = "<group>"; };
		D2CB4FBA12536BEC001A31CA /* AudioPlayer.xib */ = {isa = PBXFileReference; lastKnownFileType = file.xib; path = AudioPlayer.xib; sourceTree = "<group>"; };
		D2D222FB12C38B8A00CC6E04 /* Three20.xcodeproj */ = {isa = PBXFileReference; lastKnownFileType = "wrapper.pb-project"; name = Three20.xcodeproj; path = ../three20/src/Three20/Three20.xcodeproj; sourceTree = SOURCE_ROOT; };
		D2D2231412C38BA500CC6E04 /* Three20Core.xcodeproj */ = {isa = PBXFileReference; lastKnownFileType = "wrapper.pb-project"; name = Three20Core.xcodeproj; path = ../three20/src/Three20Core/Three20Core.xcodeproj; sourceTree = SOURCE_ROOT; };
		D2D2231712C38BA500CC6E04 /* Three20Network.xcodeproj */ = {isa = PBXFileReference; lastKnownFileType = "wrapper.pb-project"; name = Three20Network.xcodeproj; path = ../three20/src/Three20Network/Three20Network.xcodeproj; sourceTree = SOURCE_ROOT; };
		D2D2231A12C38BA500CC6E04 /* Three20Style.xcodeproj */ = {isa = PBXFileReference; lastKnownFileType = "wrapper.pb-project"; name = Three20Style.xcodeproj; path = ../three20/src/Three20Style/Three20Style.xcodeproj; sourceTree = SOURCE_ROOT; };
		D2D2231D12C38BA500CC6E04 /* Three20UICommon.xcodeproj */ = {isa = PBXFileReference; lastKnownFileType = "wrapper.pb-project"; name = Three20UICommon.xcodeproj; path = ../three20/src/Three20UICommon/Three20UICommon.xcodeproj; sourceTree = SOURCE_ROOT; };
		D2D2232012C38BA500CC6E04 /* Three20UINavigator.xcodeproj */ = {isa = PBXFileReference; lastKnownFileType = "wrapper.pb-project"; name = Three20UINavigator.xcodeproj; path = ../three20/src/Three20UINavigator/Three20UINavigator.xcodeproj; sourceTree = SOURCE_ROOT; };
		D2D2232312C38BA500CC6E04 /* Three20UI.xcodeproj */ = {isa = PBXFileReference; lastKnownFileType = "wrapper.pb-project"; name = Three20UI.xcodeproj; path = ../three20/src/Three20UI/Three20UI.xcodeproj; sourceTree = SOURCE_ROOT; };
		D2D2238912C38C2400CC6E04 /* Three20.bundle */ = {isa = PBXFileReference; lastKnownFileType = "wrapper.plug-in"; name = Three20.bundle; path = ../three20/src/Three20.bundle; sourceTree = SOURCE_ROOT; };
		D2D2239212C38D0000CC6E04 /* extThree20XML.xcodeproj */ = {isa = PBXFileReference; lastKnownFileType = "wrapper.pb-project"; name = extThree20XML.xcodeproj; path = ../three20/src/extThree20XML/extThree20XML.xcodeproj; sourceTree = SOURCE_ROOT; };
		D2D6D75C12CA79900039776B /* MembersView.h */ = {isa = PBXFileReference; fileEncoding = 4; lastKnownFileType = sourcecode.c.h; path = MembersView.h; sourceTree = "<group>"; };
		D2D6D75D12CA79900039776B /* MembersView.m */ = {isa = PBXFileReference; fileEncoding = 4; lastKnownFileType = sourcecode.c.objc; path = MembersView.m; sourceTree = "<group>"; };
		D2D6D78712CA7FBF0039776B /* VideoDataSource.h */ = {isa = PBXFileReference; fileEncoding = 4; lastKnownFileType = sourcecode.c.h; path = VideoDataSource.h; sourceTree = "<group>"; };
		D2D6D78812CA7FBF0039776B /* VideoDataSource.m */ = {isa = PBXFileReference; fileEncoding = 4; lastKnownFileType = sourcecode.c.objc; path = VideoDataSource.m; sourceTree = "<group>"; };
		D2D6D78A12CA818A0039776B /* VideosView.h */ = {isa = PBXFileReference; fileEncoding = 4; lastKnownFileType = sourcecode.c.h; path = VideosView.h; sourceTree = "<group>"; };
		D2D6D78B12CA818A0039776B /* VideosView.m */ = {isa = PBXFileReference; fileEncoding = 4; lastKnownFileType = sourcecode.c.objc; path = VideosView.m; sourceTree = "<group>"; };
		D2E0809C12EDD5F90091D129 /* YouTubeTextItem.h */ = {isa = PBXFileReference; fileEncoding = 4; lastKnownFileType = sourcecode.c.h; path = YouTubeTextItem.h; sourceTree = "<group>"; };
		D2E0809D12EDD5F90091D129 /* YouTubeTextItem.m */ = {isa = PBXFileReference; fileEncoding = 4; lastKnownFileType = sourcecode.c.objc; path = YouTubeTextItem.m; sourceTree = "<group>"; };
		D2E080C412EDD7810091D129 /* YoutubeTableCell.h */ = {isa = PBXFileReference; fileEncoding = 4; lastKnownFileType = sourcecode.c.h; path = YoutubeTableCell.h; sourceTree = "<group>"; };
		D2E080C512EDD7810091D129 /* YoutubeTableCell.m */ = {isa = PBXFileReference; fileEncoding = 4; lastKnownFileType = sourcecode.c.objc; path = YoutubeTableCell.m; sourceTree = "<group>"; };
		D2EDFEFF12D112EF00C62319 /* echoesinthealleyway.png */ = {isa = PBXFileReference; lastKnownFileType = image.png; path = echoesinthealleyway.png; sourceTree = "<group>"; };
		D2EDFF0012D112EF00C62319 /* hereagainsomewhere.png */ = {isa = PBXFileReference; lastKnownFileType = image.png; path = hereagainsomewhere.png; sourceTree = "<group>"; };
		D2EDFF0112D112EF00C62319 /* ill.png */ = {isa = PBXFileReference; lastKnownFileType = image.png; path = ill.png; sourceTree = "<group>"; };
		D2EDFF0212D112EF00C62319 /* inthisroom.png */ = {isa = PBXFileReference; lastKnownFileType = image.png; path = inthisroom.png; sourceTree = "<group>"; };
		D2EDFF0312D112EF00C62319 /* lemonheads.png */ = {isa = PBXFileReference; lastKnownFileType = image.png; path = lemonheads.png; sourceTree = "<group>"; };
		D2EDFF0412D112EF00C62319 /* nursecd2004.png */ = {isa = PBXFileReference; lastKnownFileType = image.png; path = nursecd2004.png; sourceTree = "<group>"; };
		D2EDFF0612D112EF00C62319 /* vandalattack.png */ = {isa = PBXFileReference; lastKnownFileType = image.png; path = vandalattack.png; sourceTree = "<group>"; };
		D2F0E40F1253909F007B48CA /* NPStyles.h */ = {isa = PBXFileReference; fileEncoding = 4; lastKnownFileType = sourcecode.c.h; path = NPStyles.h; sourceTree = "<group>"; };
		D2F0E4101253909F007B48CA /* NPStyles.m */ = {isa = PBXFileReference; fileEncoding = 4; lastKnownFileType = sourcecode.c.objc; path = NPStyles.m; sourceTree = "<group>"; };
		EB383C0410BBF8A40000B2D2 /* AppDelegate.h */ = {isa = PBXFileReference; fileEncoding = 4; lastKnownFileType = sourcecode.c.h; path = AppDelegate.h; sourceTree = "<group>"; };
		EB383C0510BBF8A40000B2D2 /* AppDelegate.m */ = {isa = PBXFileReference; fileEncoding = 4; lastKnownFileType = sourcecode.c.objc; path = AppDelegate.m; sourceTree = "<group>"; };
		EB383C1310BBF8C70000B2D2 /* QuartzCore.framework */ = {isa = PBXFileReference; lastKnownFileType = wrapper.framework; name = QuartzCore.framework; path = System/Library/Frameworks/QuartzCore.framework; sourceTree = SDKROOT; };
/* End PBXFileReference section */

/* Begin PBXFrameworksBuildPhase section */
		1D60588F0D05DD3D006BFB54 /* Frameworks */ = {
			isa = PBXFrameworksBuildPhase;
			buildActionMask = 2147483647;
			files = (
				320AF8492C47A4D819F7C451 /* QuartzCore.framework in Frameworks */,
				1D60589F0D05DD5A006BFB54 /* Foundation.framework in Frameworks */,
				1DF5F4E00D08C38300B7A737 /* UIKit.framework in Frameworks */,
				288765A50DF7441C002DB57D /* CoreGraphics.framework in Frameworks */,
				28D801B40F44B63D00FB423F /* CoreData.framework in Frameworks */,
				EB383C1410BBF8C70000B2D2 /* QuartzCore.framework in Frameworks */,
				D2CB4FA912536B0B001A31CA /* AudioToolbox.framework in Frameworks */,
				D2CB4FAB12536B0B001A31CA /* CFNetwork.framework in Frameworks */,
				D2CB4FAD12536B0B001A31CA /* MediaPlayer.framework in Frameworks */,
				D276233512C3421D00AFA9DE /* libTapkuLibrary.a in Frameworks */,
				D27623A312C3426D00AFA9DE /* MapKit.framework in Frameworks */,
				D2D2237512C38BC700CC6E04 /* libThree20Core-Xcode3.2.5.a in Frameworks */,
				D2D2237612C38BCA00CC6E04 /* libThree20Network-Xcode3.2.5.a in Frameworks */,
				D2D2237712C38BCE00CC6E04 /* libThree20Style-Xcode3.2.5.a in Frameworks */,
				D2D2237812C38BD100CC6E04 /* libThree20UI-Xcode3.2.5.a in Frameworks */,
				D2D2237912C38BD300CC6E04 /* libThree20UICommon-Xcode3.2.5.a in Frameworks */,
				D2D2237A12C38BD600CC6E04 /* libThree20UINavigator-Xcode3.2.5.a in Frameworks */,
				D2D223A612C38D0400CC6E04 /* libextThree20XML-Xcode3.2.5.a in Frameworks */,
				D2494A2F12CD36E80089FC79 /* SystemConfiguration.framework in Frameworks */,
			);
			runOnlyForDeploymentPostprocessing = 0;
		};
/* End PBXFrameworksBuildPhase section */

/* Begin PBXGroup section */
		080E96DDFE201D6D7F000001 /* Classes */ = {
			isa = PBXGroup;
			children = (
				D2C89E0212DDD9C8007B153C /* Views */,
				D2C89E0112DDD9B5007B153C /* Common */,
				D2E5EFAF12DDB6CC00DD7B82 /* Styles */,
				D2E5EEFF12DDB63200DD7B82 /* Audio Player */,
				D2E5EEFE12DDB61C00DD7B82 /* Feeds */,
			);
			path = Classes;
			sourceTree = "<group>";
		};
		19C28FACFE9D520D11CA2CBB /* Products */ = {
			isa = PBXGroup;
			children = (
				1D6058910D05DD3D006BFB54 /* TNWLM2.app */,
			);
			name = Products;
			sourceTree = "<group>";
		};
		29B97314FDCFA39411CA2CEA /* CustomTemplate */ = {
			isa = PBXGroup;
			children = (
				080E96DDFE201D6D7F000001 /* Classes */,
				29B97315FDCFA39411CA2CEA /* Other Sources */,
				29B97317FDCFA39411CA2CEA /* Resources */,
				6EF963BC118E96B7003902E7 /* Dependencies */,
				29B97323FDCFA39411CA2CEA /* Frameworks */,
				19C28FACFE9D520D11CA2CBB /* Products */,
			);
			name = CustomTemplate;
			sourceTree = "<group>";
		};
		29B97315FDCFA39411CA2CEA /* Other Sources */ = {
			isa = PBXGroup;
			children = (
				32CA4F630368D1EE00C91783 /* TNWLM2_Prefix.pch */,
				29B97316FDCFA39411CA2CEA /* main.m */,
			);
			name = "Other Sources";
			sourceTree = "<group>";
		};
		29B97317FDCFA39411CA2CEA /* Resources */ = {
			isa = PBXGroup;
			children = (
				D2E5EFC112DDB86300DD7B82 /* Bundles */,
				D2EDFEF112D10DD100C62319 /* Audio Player */,
				D2EDFEF012D10DBA00C62319 /* Launcher Images */,
				D2EDFEE312D10DA900C62319 /* Albums */,
				D2ACC487125D021800A2688D /* Default.png */,
				D2CB4F60125369A3001A31CA /* Icon.png */,
				28C3AD890F43EF2300507BA6 /* TNWLM2.xcdatamodel */,
				8D1107310486CEB800E47090 /* TNWLM2-Info.plist */,
			);
			name = Resources;
			sourceTree = "<group>";
		};
		29B97323FDCFA39411CA2CEA /* Frameworks */ = {
			isa = PBXGroup;
			children = (
				D2CB4FA812536B0B001A31CA /* AudioToolbox.framework */,
				D2CB4FAA12536B0B001A31CA /* CFNetwork.framework */,
				D2CB4FAC12536B0B001A31CA /* MediaPlayer.framework */,
				320AF8492C47A4D819F7C450 /* QuartzCore.framework */,
				1DF5F4DF0D08C38300B7A737 /* UIKit.framework */,
				1D30AB110D05D00D00671497 /* Foundation.framework */,
				288765A40DF7441C002DB57D /* CoreGraphics.framework */,
				28D801B30F44B63D00FB423F /* CoreData.framework */,
				EB383C1310BBF8C70000B2D2 /* QuartzCore.framework */,
				D27623A212C3426D00AFA9DE /* MapKit.framework */,
				D2494A2E12CD36E80089FC79 /* SystemConfiguration.framework */,
			);
			name = Frameworks;
			sourceTree = "<group>";
		};
		6EF963BC118E96B7003902E7 /* Dependencies */ = {
			isa = PBXGroup;
			children = (
				D2494A3212CD372A0089FC79 /* Reachability.h */,
				D2494A3312CD372A0089FC79 /* Reachability.m */,
				D22567201260C074001F97E1 /* RegexKitLite.h */,
				D22567211260C074001F97E1 /* RegexKitLite.m */,
				D225668512608F4B001F97E1 /* SynthesizeSingleton.h */,
				D2CB4F7012536AAA001A31CA /* AudioStreamer.h */,
				D2CB4F7112536AAA001A31CA /* AudioStreamer.m */,
				D2D2239212C38D0000CC6E04 /* extThree20XML.xcodeproj */,
				D2D2231412C38BA500CC6E04 /* Three20Core.xcodeproj */,
				D2D2231712C38BA500CC6E04 /* Three20Network.xcodeproj */,
				D2D2231A12C38BA500CC6E04 /* Three20Style.xcodeproj */,
				D2D2231D12C38BA500CC6E04 /* Three20UICommon.xcodeproj */,
				D2D2232012C38BA500CC6E04 /* Three20UINavigator.xcodeproj */,
				D2D2232312C38BA500CC6E04 /* Three20UI.xcodeproj */,
				D2D222FB12C38B8A00CC6E04 /* Three20.xcodeproj */,
				D276232912C3421A00AFA9DE /* TapkuLibrary.xcodeproj */,
			);
			name = Dependencies;
			sourceTree = "<group>";
		};
		D276232A12C3421A00AFA9DE /* Products */ = {
			isa = PBXGroup;
			children = (
				D276233212C3421A00AFA9DE /* libTapkuLibrary.a */,
				D276233412C3421A00AFA9DE /* libTapkuLibraryExtra.a */,
			);
			name = Products;
			sourceTree = "<group>";
		};
		D2C89E0112DDD9B5007B153C /* Common */ = {
			isa = PBXGroup;
			children = (
				EB383C0410BBF8A40000B2D2 /* AppDelegate.h */,
				EB383C0510BBF8A40000B2D2 /* AppDelegate.m */,
				D225668212608ED1001F97E1 /* CommonData.h */,
				D225668312608ED1001F97E1 /* CommonData.m */,
				D2E0809C12EDD5F90091D129 /* YouTubeTextItem.h */,
				D2E0809D12EDD5F90091D129 /* YouTubeTextItem.m */,
				D2E080C412EDD7810091D129 /* YoutubeTableCell.h */,
				D2E080C512EDD7810091D129 /* YoutubeTableCell.m */,
			);
			name = Common;
			sourceTree = "<group>";
		};
		D2C89E0212DDD9C8007B153C /* Views */ = {
			isa = PBXGroup;
			children = (
				D2CB4F7212536AAA001A31CA /* AudioPlayer.h */,
				D2CB4F7312536AAA001A31CA /* AudioPlayer.m */,
				D2CB4F5112536818001A31CA /* LauncherView.h */,
				D2CB4F5212536818001A31CA /* LauncherView.m */,
				D27623A912C342D600AFA9DE /* ReleasesView.h */,
				D27623AA12C342D600AFA9DE /* ReleasesView.m */,
				D276240112C34DE800AFA9DE /* NewsView.h */,
				D276240212C34DE800AFA9DE /* NewsView.m */,
				D2D6D75C12CA79900039776B /* MembersView.h */,
				D2D6D75D12CA79900039776B /* MembersView.m */,
				D2D6D78A12CA818A0039776B /* VideosView.h */,
				D2D6D78B12CA818A0039776B /* VideosView.m */,
				D2CAA33C12E0B11500ECA54B /* PhotosView.h */,
				D2CAA33D12E0B11500ECA54B /* PhotosView.m */,
				D2AA4CEE12E7204D0068484A /* AlbumView.h */,
				D2AA4CEF12E7204D0068484A /* AlbumView.m */,
			);
			name = Views;
			sourceTree = "<group>";
		};
		D2D222FC12C38B8A00CC6E04 /* Products */ = {
			isa = PBXGroup;
			children = (
				D2D2230312C38B8A00CC6E04 /* libThree20.a */,
				D2D2230512C38B8A00CC6E04 /* libThree20-Xcode3.2.5.a */,
				D2D2230712C38B8A00CC6E04 /* Three20UnitTests.octest */,
				D2D2230912C38B8A00CC6E04 /* Three20UnitTests-Xcode3.2.5.octest */,
			);
			name = Products;
			sourceTree = "<group>";
		};
		D2D2231512C38BA500CC6E04 /* Products */ = {
			isa = PBXGroup;
			children = (
				D2D2232B12C38BA500CC6E04 /* libThree20Core.a */,
				D2D2232D12C38BA500CC6E04 /* libThree20Core-Xcode3.2.5.a */,
				D2D2232F12C38BA500CC6E04 /* CoreUnitTests.octest */,
			);
			name = Products;
			sourceTree = "<group>";
		};
		D2D2231812C38BA500CC6E04 /* Products */ = {
			isa = PBXGroup;
			children = (
				D2D2233712C38BA500CC6E04 /* libThree20Network.a */,
				D2D2233912C38BA500CC6E04 /* libThree20Network-Xcode3.2.5.a */,
				D2D2233B12C38BA500CC6E04 /* NetworkUnitTests.octest */,
				D2D2233D12C38BA500CC6E04 /* NetworkUnitTests-Xcode3.2.5.octest */,
			);
			name = Products;
			sourceTree = "<group>";
		};
		D2D2231B12C38BA500CC6E04 /* Products */ = {
			isa = PBXGroup;
			children = (
				D2D2234312C38BA500CC6E04 /* libThree20Style.a */,
				D2D2234512C38BA500CC6E04 /* libThree20Style-Xcode3.2.5.a */,
				D2D2234712C38BA500CC6E04 /* StyleUnitTests.octest */,
				D2D2234912C38BA500CC6E04 /* StyleUnitTests-Xcode3.2.5.octest */,
			);
			name = Products;
			sourceTree = "<group>";
		};
		D2D2231E12C38BA500CC6E04 /* Products */ = {
			isa = PBXGroup;
			children = (
				D2D2234F12C38BA500CC6E04 /* libThree20UICommon.a */,
				D2D2235112C38BA500CC6E04 /* libThree20UICommon-Xcode3.2.5.a */,
				D2D2235312C38BA500CC6E04 /* UICommonUnitTests.octest */,
				D2D2235512C38BA500CC6E04 /* UICommonUnitTests-Xcode3.2.5.octest */,
			);
			name = Products;
			sourceTree = "<group>";
		};
		D2D2232112C38BA500CC6E04 /* Products */ = {
			isa = PBXGroup;
			children = (
				D2D2235B12C38BA500CC6E04 /* libThree20UINavigator.a */,
				D2D2235D12C38BA500CC6E04 /* libThree20UINavigator-Xcode3.2.5.a */,
				D2D2235F12C38BA500CC6E04 /* UINavigatorUnitTests.octest */,
				D2D2236112C38BA500CC6E04 /* UINavigatorUnitTests-Xcode3.2.5.octest */,
			);
			name = Products;
			sourceTree = "<group>";
		};
		D2D2232412C38BA500CC6E04 /* Products */ = {
			isa = PBXGroup;
			children = (
				D2D2236712C38BA500CC6E04 /* libThree20UI.a */,
				D2D2236912C38BA500CC6E04 /* libThree20UI-Xcode3.2.5.a */,
				D2D2236B12C38BA500CC6E04 /* UIUnitTests.octest */,
				D2D2236D12C38BA500CC6E04 /* UIUnitTests-Xcode3.2.5.octest */,
			);
			name = Products;
			sourceTree = "<group>";
		};
		D2D2239312C38D0000CC6E04 /* Products */ = {
			isa = PBXGroup;
			children = (
				D2D2239F12C38D0000CC6E04 /* libextThree20XML.a */,
				D2D223A112C38D0000CC6E04 /* libextThree20XML-Xcode3.2.5.a */,
				D2D223A312C38D0000CC6E04 /* extJSONUnitTests.octest */,
				D2D223A512C38D0000CC6E04 /* extJSONUnitTests-Xcode3.2.5.octest */,
			);
			name = Products;
			sourceTree = "<group>";
		};
		D2E5EEFE12DDB61C00DD7B82 /* Feeds */ = {
			isa = PBXGroup;
			children = (
				D27623FE12C34C6500AFA9DE /* NewsDataSource.h */,
				D27623FF12C34C6500AFA9DE /* NewsDataSource.m */,
				D2D6D78712CA7FBF0039776B /* VideoDataSource.h */,
				D2D6D78812CA7FBF0039776B /* VideoDataSource.m */,
				D27623F812C3460300AFA9DE /* FeedItem.h */,
				D27623F912C3460300AFA9DE /* FeedItem.m */,
				D27623FB12C349C400AFA9DE /* FeedModel.h */,
				D27623FC12C349C400AFA9DE /* FeedModel.m */,
				D2CAA30912E0A65100ECA54B /* PhotosDataSource.h */,
				D2CAA30A12E0A65100ECA54B /* PhotosDataSource.m */,
				D2CAA30F12E0A67C00ECA54B /* PhotoItem.h */,
				D2CAA31012E0A67C00ECA54B /* PhotoItem.m */,
				D20DB94D12E45C7500C9975C /* PhotoResponse.h */,
				D20DB94E12E45C7500C9975C /* PhotoResponse.m */,
			);
			name = Feeds;
			sourceTree = "<group>";
		};
		D2E5EEFF12DDB63200DD7B82 /* Audio Player */ = {
			isa = PBXGroup;
			children = (
				D2CB4F7412536AAA001A31CA /* LevelMeterView.h */,
				D2CB4F7512536AAA001A31CA /* LevelMeterView.m */,
			);
			name = "Audio Player";
			sourceTree = "<group>";
		};
		D2E5EFAF12DDB6CC00DD7B82 /* Styles */ = {
			isa = PBXGroup;
			children = (
				D2F0E40F1253909F007B48CA /* NPStyles.h */,
				D2F0E4101253909F007B48CA /* NPStyles.m */,
			);
			name = Styles;
			sourceTree = "<group>";
		};
		D2E5EFC112DDB86300DD7B82 /* Bundles */ = {
			isa = PBXGroup;
			children = (
				D276233A12C3424800AFA9DE /* TapkuLibrary.bundle */,
				D2D2238912C38C2400CC6E04 /* Three20.bundle */,
			);
			name = Bundles;
			sourceTree = "<group>";
		};
		D2EDFEE312D10DA900C62319 /* Albums */ = {
			isa = PBXGroup;
			children = (
				D2EDFEFF12D112EF00C62319 /* echoesinthealleyway.png */,
				D2EDFF0012D112EF00C62319 /* hereagainsomewhere.png */,
				D2EDFF0112D112EF00C62319 /* ill.png */,
				D2EDFF0212D112EF00C62319 /* inthisroom.png */,
				D2EDFF0312D112EF00C62319 /* lemonheads.png */,
				D2EDFF0412D112EF00C62319 /* nursecd2004.png */,
				D2EDFF0612D112EF00C62319 /* vandalattack.png */,
				D29042E312E73BE400818EA4 /* albums.plist */,
			);
			name = Albums;
			sourceTree = "<group>";
		};
		D2EDFEF012D10DBA00C62319 /* Launcher Images */ = {
			isa = PBXGroup;
			children = (
				D2ACC4F3125D156400A2688D /* background.jpg */,
				D22566691260874B001F97E1 /* Contact.png */,
				D225666A1260874B001F97E1 /* Listen.png */,
				D225666B1260874B001F97E1 /* Members.png */,
				D225666C1260874B001F97E1 /* News.png */,
				D225666D1260874B001F97E1 /* Pictures.png */,
				D22566491260865B001F97E1 /* Releases.png */,
				D225664C1260865B001F97E1 /* Videos.png */,
			);
			name = "Launcher Images";
			sourceTree = "<group>";
		};
		D2EDFEF112D10DD100C62319 /* Audio Player */ = {
			isa = PBXGroup;
			children = (
				D2CB4FBA12536BEC001A31CA /* AudioPlayer.xib */,
				D2CB4FAE12536B2A001A31CA /* loadingbutton.png */,
				D2CB4FB012536B2A001A31CA /* playbutton.png */,
				D2CB4FB112536B2A001A31CA /* stopbutton.png */,
			);
			name = "Audio Player";
			sourceTree = "<group>";
		};
/* End PBXGroup section */

/* Begin PBXNativeTarget section */
		1D6058900D05DD3D006BFB54 /* TNWLM2 */ = {
			isa = PBXNativeTarget;
			buildConfigurationList = 1D6058960D05DD3E006BFB54 /* Build configuration list for PBXNativeTarget "TNWLM2" */;
			buildPhases = (
				1D60588D0D05DD3D006BFB54 /* Resources */,
				1D60588E0D05DD3D006BFB54 /* Sources */,
				1D60588F0D05DD3D006BFB54 /* Frameworks */,
			);
			buildRules = (
			);
			dependencies = (
				D276233712C3423100AFA9DE /* PBXTargetDependency */,
				D2D2237C12C38C0900CC6E04 /* PBXTargetDependency */,
				D2D2237E12C38C0900CC6E04 /* PBXTargetDependency */,
				D2D2238012C38C0900CC6E04 /* PBXTargetDependency */,
				D2D2238212C38C0900CC6E04 /* PBXTargetDependency */,
				D2D2238412C38C0900CC6E04 /* PBXTargetDependency */,
				D2D2238612C38C0900CC6E04 /* PBXTargetDependency */,
				D2D2238812C38C0900CC6E04 /* PBXTargetDependency */,
				D2D6D73A12CA721E0039776B /* PBXTargetDependency */,
			);
			name = TNWLM2;
			productName = TNWLM2;
			productReference = 1D6058910D05DD3D006BFB54 /* TNWLM2.app */;
			productType = "com.apple.product-type.application";
		};
/* End PBXNativeTarget section */

/* Begin PBXProject section */
		29B97313FDCFA39411CA2CEA /* Project object */ = {
			isa = PBXProject;
			attributes = {
				ORGANIZATIONNAME = "Nikki James Pack";
			};
			buildConfigurationList = C01FCF4E08A954540054247B /* Build configuration list for PBXProject "TNWLM2" */;
			compatibilityVersion = "Xcode 3.2";
			developmentRegion = English;
			hasScannedForEncodings = 1;
			knownRegions = (
				English,
				Japanese,
				French,
				German,
			);
			mainGroup = 29B97314FDCFA39411CA2CEA /* CustomTemplate */;
			projectDirPath = "";
			projectReferences = (
				{
					ProductGroup = D2D2239312C38D0000CC6E04 /* Products */;
					ProjectRef = D2D2239212C38D0000CC6E04 /* extThree20XML.xcodeproj */;
				},
				{
					ProductGroup = D276232A12C3421A00AFA9DE /* Products */;
					ProjectRef = D276232912C3421A00AFA9DE /* TapkuLibrary.xcodeproj */;
				},
				{
					ProductGroup = D2D222FC12C38B8A00CC6E04 /* Products */;
					ProjectRef = D2D222FB12C38B8A00CC6E04 /* Three20.xcodeproj */;
				},
				{
					ProductGroup = D2D2231512C38BA500CC6E04 /* Products */;
					ProjectRef = D2D2231412C38BA500CC6E04 /* Three20Core.xcodeproj */;
				},
				{
					ProductGroup = D2D2231812C38BA500CC6E04 /* Products */;
					ProjectRef = D2D2231712C38BA500CC6E04 /* Three20Network.xcodeproj */;
				},
				{
					ProductGroup = D2D2231B12C38BA500CC6E04 /* Products */;
					ProjectRef = D2D2231A12C38BA500CC6E04 /* Three20Style.xcodeproj */;
				},
				{
					ProductGroup = D2D2232412C38BA500CC6E04 /* Products */;
					ProjectRef = D2D2232312C38BA500CC6E04 /* Three20UI.xcodeproj */;
				},
				{
					ProductGroup = D2D2231E12C38BA500CC6E04 /* Products */;
					ProjectRef = D2D2231D12C38BA500CC6E04 /* Three20UICommon.xcodeproj */;
				},
				{
					ProductGroup = D2D2232112C38BA500CC6E04 /* Products */;
					ProjectRef = D2D2232012C38BA500CC6E04 /* Three20UINavigator.xcodeproj */;
				},
			);
			projectRoot = "";
			targets = (
				1D6058900D05DD3D006BFB54 /* TNWLM2 */,
			);
		};
/* End PBXProject section */

/* Begin PBXReferenceProxy section */
		D276233212C3421A00AFA9DE /* libTapkuLibrary.a */ = {
			isa = PBXReferenceProxy;
			fileType = archive.ar;
			path = libTapkuLibrary.a;
			remoteRef = D276233112C3421A00AFA9DE /* PBXContainerItemProxy */;
			sourceTree = BUILT_PRODUCTS_DIR;
		};
		D276233412C3421A00AFA9DE /* libTapkuLibraryExtra.a */ = {
			isa = PBXReferenceProxy;
			fileType = archive.ar;
			path = libTapkuLibraryExtra.a;
			remoteRef = D276233312C3421A00AFA9DE /* PBXContainerItemProxy */;
			sourceTree = BUILT_PRODUCTS_DIR;
		};
		D2D2230312C38B8A00CC6E04 /* libThree20.a */ = {
			isa = PBXReferenceProxy;
			fileType = archive.ar;
			path = libThree20.a;
			remoteRef = D2D2230212C38B8A00CC6E04 /* PBXContainerItemProxy */;
			sourceTree = BUILT_PRODUCTS_DIR;
		};
		D2D2230512C38B8A00CC6E04 /* libThree20-Xcode3.2.5.a */ = {
			isa = PBXReferenceProxy;
			fileType = archive.ar;
			path = "libThree20-Xcode3.2.5.a";
			remoteRef = D2D2230412C38B8A00CC6E04 /* PBXContainerItemProxy */;
			sourceTree = BUILT_PRODUCTS_DIR;
		};
		D2D2230712C38B8A00CC6E04 /* Three20UnitTests.octest */ = {
			isa = PBXReferenceProxy;
			fileType = wrapper.cfbundle;
			path = Three20UnitTests.octest;
			remoteRef = D2D2230612C38B8A00CC6E04 /* PBXContainerItemProxy */;
			sourceTree = BUILT_PRODUCTS_DIR;
		};
		D2D2230912C38B8A00CC6E04 /* Three20UnitTests-Xcode3.2.5.octest */ = {
			isa = PBXReferenceProxy;
			fileType = wrapper.cfbundle;
			path = "Three20UnitTests-Xcode3.2.5.octest";
			remoteRef = D2D2230812C38B8A00CC6E04 /* PBXContainerItemProxy */;
			sourceTree = BUILT_PRODUCTS_DIR;
		};
		D2D2232B12C38BA500CC6E04 /* libThree20Core.a */ = {
			isa = PBXReferenceProxy;
			fileType = archive.ar;
			path = libThree20Core.a;
			remoteRef = D2D2232A12C38BA500CC6E04 /* PBXContainerItemProxy */;
			sourceTree = BUILT_PRODUCTS_DIR;
		};
		D2D2232D12C38BA500CC6E04 /* libThree20Core-Xcode3.2.5.a */ = {
			isa = PBXReferenceProxy;
			fileType = archive.ar;
			path = "libThree20Core-Xcode3.2.5.a";
			remoteRef = D2D2232C12C38BA500CC6E04 /* PBXContainerItemProxy */;
			sourceTree = BUILT_PRODUCTS_DIR;
		};
		D2D2232F12C38BA500CC6E04 /* CoreUnitTests.octest */ = {
			isa = PBXReferenceProxy;
			fileType = wrapper.cfbundle;
			path = CoreUnitTests.octest;
			remoteRef = D2D2232E12C38BA500CC6E04 /* PBXContainerItemProxy */;
			sourceTree = BUILT_PRODUCTS_DIR;
		};
		D2D2233712C38BA500CC6E04 /* libThree20Network.a */ = {
			isa = PBXReferenceProxy;
			fileType = archive.ar;
			path = libThree20Network.a;
			remoteRef = D2D2233612C38BA500CC6E04 /* PBXContainerItemProxy */;
			sourceTree = BUILT_PRODUCTS_DIR;
		};
		D2D2233912C38BA500CC6E04 /* libThree20Network-Xcode3.2.5.a */ = {
			isa = PBXReferenceProxy;
			fileType = archive.ar;
			path = "libThree20Network-Xcode3.2.5.a";
			remoteRef = D2D2233812C38BA500CC6E04 /* PBXContainerItemProxy */;
			sourceTree = BUILT_PRODUCTS_DIR;
		};
		D2D2233B12C38BA500CC6E04 /* NetworkUnitTests.octest */ = {
			isa = PBXReferenceProxy;
			fileType = wrapper.cfbundle;
			path = NetworkUnitTests.octest;
			remoteRef = D2D2233A12C38BA500CC6E04 /* PBXContainerItemProxy */;
			sourceTree = BUILT_PRODUCTS_DIR;
		};
		D2D2233D12C38BA500CC6E04 /* NetworkUnitTests-Xcode3.2.5.octest */ = {
			isa = PBXReferenceProxy;
			fileType = wrapper.cfbundle;
			path = "NetworkUnitTests-Xcode3.2.5.octest";
			remoteRef = D2D2233C12C38BA500CC6E04 /* PBXContainerItemProxy */;
			sourceTree = BUILT_PRODUCTS_DIR;
		};
		D2D2234312C38BA500CC6E04 /* libThree20Style.a */ = {
			isa = PBXReferenceProxy;
			fileType = archive.ar;
			path = libThree20Style.a;
			remoteRef = D2D2234212C38BA500CC6E04 /* PBXContainerItemProxy */;
			sourceTree = BUILT_PRODUCTS_DIR;
		};
		D2D2234512C38BA500CC6E04 /* libThree20Style-Xcode3.2.5.a */ = {
			isa = PBXReferenceProxy;
			fileType = archive.ar;
			path = "libThree20Style-Xcode3.2.5.a";
			remoteRef = D2D2234412C38BA500CC6E04 /* PBXContainerItemProxy */;
			sourceTree = BUILT_PRODUCTS_DIR;
		};
		D2D2234712C38BA500CC6E04 /* StyleUnitTests.octest */ = {
			isa = PBXReferenceProxy;
			fileType = wrapper.cfbundle;
			path = StyleUnitTests.octest;
			remoteRef = D2D2234612C38BA500CC6E04 /* PBXContainerItemProxy */;
			sourceTree = BUILT_PRODUCTS_DIR;
		};
		D2D2234912C38BA500CC6E04 /* StyleUnitTests-Xcode3.2.5.octest */ = {
			isa = PBXReferenceProxy;
			fileType = wrapper.cfbundle;
			path = "StyleUnitTests-Xcode3.2.5.octest";
			remoteRef = D2D2234812C38BA500CC6E04 /* PBXContainerItemProxy */;
			sourceTree = BUILT_PRODUCTS_DIR;
		};
		D2D2234F12C38BA500CC6E04 /* libThree20UICommon.a */ = {
			isa = PBXReferenceProxy;
			fileType = archive.ar;
			path = libThree20UICommon.a;
			remoteRef = D2D2234E12C38BA500CC6E04 /* PBXContainerItemProxy */;
			sourceTree = BUILT_PRODUCTS_DIR;
		};
		D2D2235112C38BA500CC6E04 /* libThree20UICommon-Xcode3.2.5.a */ = {
			isa = PBXReferenceProxy;
			fileType = archive.ar;
			path = "libThree20UICommon-Xcode3.2.5.a";
			remoteRef = D2D2235012C38BA500CC6E04 /* PBXContainerItemProxy */;
			sourceTree = BUILT_PRODUCTS_DIR;
		};
		D2D2235312C38BA500CC6E04 /* UICommonUnitTests.octest */ = {
			isa = PBXReferenceProxy;
			fileType = wrapper.cfbundle;
			path = UICommonUnitTests.octest;
			remoteRef = D2D2235212C38BA500CC6E04 /* PBXContainerItemProxy */;
			sourceTree = BUILT_PRODUCTS_DIR;
		};
		D2D2235512C38BA500CC6E04 /* UICommonUnitTests-Xcode3.2.5.octest */ = {
			isa = PBXReferenceProxy;
			fileType = wrapper.cfbundle;
			path = "UICommonUnitTests-Xcode3.2.5.octest";
			remoteRef = D2D2235412C38BA500CC6E04 /* PBXContainerItemProxy */;
			sourceTree = BUILT_PRODUCTS_DIR;
		};
		D2D2235B12C38BA500CC6E04 /* libThree20UINavigator.a */ = {
			isa = PBXReferenceProxy;
			fileType = archive.ar;
			path = libThree20UINavigator.a;
			remoteRef = D2D2235A12C38BA500CC6E04 /* PBXContainerItemProxy */;
			sourceTree = BUILT_PRODUCTS_DIR;
		};
		D2D2235D12C38BA500CC6E04 /* libThree20UINavigator-Xcode3.2.5.a */ = {
			isa = PBXReferenceProxy;
			fileType = archive.ar;
			path = "libThree20UINavigator-Xcode3.2.5.a";
			remoteRef = D2D2235C12C38BA500CC6E04 /* PBXContainerItemProxy */;
			sourceTree = BUILT_PRODUCTS_DIR;
		};
		D2D2235F12C38BA500CC6E04 /* UINavigatorUnitTests.octest */ = {
			isa = PBXReferenceProxy;
			fileType = wrapper.cfbundle;
			path = UINavigatorUnitTests.octest;
			remoteRef = D2D2235E12C38BA500CC6E04 /* PBXContainerItemProxy */;
			sourceTree = BUILT_PRODUCTS_DIR;
		};
		D2D2236112C38BA500CC6E04 /* UINavigatorUnitTests-Xcode3.2.5.octest */ = {
			isa = PBXReferenceProxy;
			fileType = wrapper.cfbundle;
			path = "UINavigatorUnitTests-Xcode3.2.5.octest";
			remoteRef = D2D2236012C38BA500CC6E04 /* PBXContainerItemProxy */;
			sourceTree = BUILT_PRODUCTS_DIR;
		};
		D2D2236712C38BA500CC6E04 /* libThree20UI.a */ = {
			isa = PBXReferenceProxy;
			fileType = archive.ar;
			path = libThree20UI.a;
			remoteRef = D2D2236612C38BA500CC6E04 /* PBXContainerItemProxy */;
			sourceTree = BUILT_PRODUCTS_DIR;
		};
		D2D2236912C38BA500CC6E04 /* libThree20UI-Xcode3.2.5.a */ = {
			isa = PBXReferenceProxy;
			fileType = archive.ar;
			path = "libThree20UI-Xcode3.2.5.a";
			remoteRef = D2D2236812C38BA500CC6E04 /* PBXContainerItemProxy */;
			sourceTree = BUILT_PRODUCTS_DIR;
		};
		D2D2236B12C38BA500CC6E04 /* UIUnitTests.octest */ = {
			isa = PBXReferenceProxy;
			fileType = wrapper.cfbundle;
			path = UIUnitTests.octest;
			remoteRef = D2D2236A12C38BA500CC6E04 /* PBXContainerItemProxy */;
			sourceTree = BUILT_PRODUCTS_DIR;
		};
		D2D2236D12C38BA500CC6E04 /* UIUnitTests-Xcode3.2.5.octest */ = {
			isa = PBXReferenceProxy;
			fileType = wrapper.cfbundle;
			path = "UIUnitTests-Xcode3.2.5.octest";
			remoteRef = D2D2236C12C38BA500CC6E04 /* PBXContainerItemProxy */;
			sourceTree = BUILT_PRODUCTS_DIR;
		};
		D2D2239F12C38D0000CC6E04 /* libextThree20XML.a */ = {
			isa = PBXReferenceProxy;
			fileType = archive.ar;
			path = libextThree20XML.a;
			remoteRef = D2D2239E12C38D0000CC6E04 /* PBXContainerItemProxy */;
			sourceTree = BUILT_PRODUCTS_DIR;
		};
		D2D223A112C38D0000CC6E04 /* libextThree20XML-Xcode3.2.5.a */ = {
			isa = PBXReferenceProxy;
			fileType = archive.ar;
			path = "libextThree20XML-Xcode3.2.5.a";
			remoteRef = D2D223A012C38D0000CC6E04 /* PBXContainerItemProxy */;
			sourceTree = BUILT_PRODUCTS_DIR;
		};
		D2D223A312C38D0000CC6E04 /* extJSONUnitTests.octest */ = {
			isa = PBXReferenceProxy;
			fileType = wrapper.cfbundle;
			path = extJSONUnitTests.octest;
			remoteRef = D2D223A212C38D0000CC6E04 /* PBXContainerItemProxy */;
			sourceTree = BUILT_PRODUCTS_DIR;
		};
		D2D223A512C38D0000CC6E04 /* extJSONUnitTests-Xcode3.2.5.octest */ = {
			isa = PBXReferenceProxy;
			fileType = wrapper.cfbundle;
			path = "extJSONUnitTests-Xcode3.2.5.octest";
			remoteRef = D2D223A412C38D0000CC6E04 /* PBXContainerItemProxy */;
			sourceTree = BUILT_PRODUCTS_DIR;
		};
/* End PBXReferenceProxy section */

/* Begin PBXResourcesBuildPhase section */
		1D60588D0D05DD3D006BFB54 /* Resources */ = {
			isa = PBXResourcesBuildPhase;
			buildActionMask = 2147483647;
			files = (
				D2CB4F61125369A3001A31CA /* Icon.png in Resources */,
				D2CB4FB212536B2A001A31CA /* loadingbutton.png in Resources */,
				D2CB4FB412536B2A001A31CA /* playbutton.png in Resources */,
				D2CB4FB512536B2A001A31CA /* stopbutton.png in Resources */,
				D2CB4FBB12536BEC001A31CA /* AudioPlayer.xib in Resources */,
				D2ACC488125D021800A2688D /* Default.png in Resources */,
				D2ACC4F4125D156400A2688D /* background.jpg in Resources */,
				D225664D1260865B001F97E1 /* Releases.png in Resources */,
				D22566501260865B001F97E1 /* Videos.png in Resources */,
				D225666E1260874B001F97E1 /* Contact.png in Resources */,
				D225666F1260874B001F97E1 /* Listen.png in Resources */,
				D22566701260874B001F97E1 /* Members.png in Resources */,
				D22566711260874B001F97E1 /* News.png in Resources */,
				D22566721260874B001F97E1 /* Pictures.png in Resources */,
				D276233B12C3424800AFA9DE /* TapkuLibrary.bundle in Resources */,
				D2D2238A12C38C2400CC6E04 /* Three20.bundle in Resources */,
				D2EDFF0712D112EF00C62319 /* echoesinthealleyway.png in Resources */,
				D2EDFF0812D112EF00C62319 /* hereagainsomewhere.png in Resources */,
				D2EDFF0912D112EF00C62319 /* ill.png in Resources */,
				D2EDFF0A12D112EF00C62319 /* inthisroom.png in Resources */,
				D2EDFF0B12D112EF00C62319 /* lemonheads.png in Resources */,
				D2EDFF0C12D112EF00C62319 /* nursecd2004.png in Resources */,
				D2EDFF0E12D112EF00C62319 /* vandalattack.png in Resources */,
				D29042E412E73BE400818EA4 /* albums.plist in Resources */,
			);
			runOnlyForDeploymentPostprocessing = 0;
		};
/* End PBXResourcesBuildPhase section */

/* Begin PBXSourcesBuildPhase section */
		1D60588E0D05DD3D006BFB54 /* Sources */ = {
			isa = PBXSourcesBuildPhase;
			buildActionMask = 2147483647;
			files = (
				1D60589B0D05DD56006BFB54 /* main.m in Sources */,
				28C3AD8A0F43EF2300507BA6 /* TNWLM2.xcdatamodel in Sources */,
				EB383C0610BBF8A40000B2D2 /* AppDelegate.m in Sources */,
				D2CB4F5312536818001A31CA /* LauncherView.m in Sources */,
				D2CB4F7812536AAA001A31CA /* AudioStreamer.m in Sources */,
				D2CB4F7912536AAA001A31CA /* AudioPlayer.m in Sources */,
				D2CB4F7A12536AAA001A31CA /* LevelMeterView.m in Sources */,
				D2F0E4111253909F007B48CA /* NPStyles.m in Sources */,
				D225668412608ED1001F97E1 /* CommonData.m in Sources */,
				D22567221260C074001F97E1 /* RegexKitLite.m in Sources */,
				D27623AB12C342D600AFA9DE /* ReleasesView.m in Sources */,
				D27623FA12C3460300AFA9DE /* FeedItem.m in Sources */,
				D27623FD12C349C400AFA9DE /* FeedModel.m in Sources */,
				D276240012C34C6500AFA9DE /* NewsDataSource.m in Sources */,
				D276240312C34DE800AFA9DE /* NewsView.m in Sources */,
				D2D6D75E12CA79900039776B /* MembersView.m in Sources */,
				D2D6D78912CA7FBF0039776B /* VideoDataSource.m in Sources */,
				D2D6D78C12CA818A0039776B /* VideosView.m in Sources */,
				D2494A3412CD372A0089FC79 /* Reachability.m in Sources */,
				D2CAA30B12E0A65100ECA54B /* PhotosDataSource.m in Sources */,
				D2CAA31112E0A67C00ECA54B /* PhotoItem.m in Sources */,
				D2CAA33E12E0B11500ECA54B /* PhotosView.m in Sources */,
				D20DB94F12E45C7500C9975C /* PhotoResponse.m in Sources */,
				D2AA4CF012E7204D0068484A /* AlbumView.m in Sources */,
				D2E0809E12EDD5F90091D129 /* YouTubeTextItem.m in Sources */,
				D2E080C612EDD7810091D129 /* YoutubeTableCell.m in Sources */,
			);
			runOnlyForDeploymentPostprocessing = 0;
		};
/* End PBXSourcesBuildPhase section */

/* Begin PBXTargetDependency section */
		D276233712C3423100AFA9DE /* PBXTargetDependency */ = {
			isa = PBXTargetDependency;
			name = TapkuLibrary;
			targetProxy = D276233612C3423100AFA9DE /* PBXContainerItemProxy */;
		};
		D2D2237C12C38C0900CC6E04 /* PBXTargetDependency */ = {
			isa = PBXTargetDependency;
			name = "Three20UICommon-Xcode3.2.5";
			targetProxy = D2D2237B12C38C0900CC6E04 /* PBXContainerItemProxy */;
		};
		D2D2237E12C38C0900CC6E04 /* PBXTargetDependency */ = {
			isa = PBXTargetDependency;
			name = "Three20Style-Xcode3.2.5";
			targetProxy = D2D2237D12C38C0900CC6E04 /* PBXContainerItemProxy */;
		};
		D2D2238012C38C0900CC6E04 /* PBXTargetDependency */ = {
			isa = PBXTargetDependency;
			name = "Three20UINavigator-Xcode3.2.5";
			targetProxy = D2D2237F12C38C0900CC6E04 /* PBXContainerItemProxy */;
		};
		D2D2238212C38C0900CC6E04 /* PBXTargetDependency */ = {
			isa = PBXTargetDependency;
			name = "Three20-Xcode3.2.5";
			targetProxy = D2D2238112C38C0900CC6E04 /* PBXContainerItemProxy */;
		};
		D2D2238412C38C0900CC6E04 /* PBXTargetDependency */ = {
			isa = PBXTargetDependency;
			name = "Three20Core-Xcode3.2.5";
			targetProxy = D2D2238312C38C0900CC6E04 /* PBXContainerItemProxy */;
		};
		D2D2238612C38C0900CC6E04 /* PBXTargetDependency */ = {
			isa = PBXTargetDependency;
			name = "Three20UI-Xcode3.2.5";
			targetProxy = D2D2238512C38C0900CC6E04 /* PBXContainerItemProxy */;
		};
		D2D2238812C38C0900CC6E04 /* PBXTargetDependency */ = {
			isa = PBXTargetDependency;
			name = "Three20Network-Xcode3.2.5";
			targetProxy = D2D2238712C38C0900CC6E04 /* PBXContainerItemProxy */;
		};
		D2D6D73A12CA721E0039776B /* PBXTargetDependency */ = {
			isa = PBXTargetDependency;
			name = "extThree20XML-Xcode3.2.5";
			targetProxy = D2D6D73912CA721E0039776B /* PBXContainerItemProxy */;
		};
/* End PBXTargetDependency section */

/* Begin XCBuildConfiguration section */
		1D6058940D05DD3E006BFB54 /* Debug */ = {
			isa = XCBuildConfiguration;
			buildSettings = {
				ALWAYS_SEARCH_USER_PATHS = NO;
				CODE_SIGN_IDENTITY = "iPhone Developer";
				"CODE_SIGN_IDENTITY[sdk=iphoneos*]" = "iPhone Developer";
				COPY_PHASE_STRIP = NO;
				FRAMEWORK_SEARCH_PATHS = (
					"\"$(SDKROOT)/Developer/Library/Frameworks\"",
					"$(inherited)",
				);
				GCC_DYNAMIC_NO_PIC = NO;
				GCC_OPTIMIZATION_LEVEL = 0;
				GCC_PRECOMPILE_PREFIX_HEADER = YES;
				GCC_PREFIX_HEADER = TNWLM2_Prefix.pch;
				GCC_VERSION = com.apple.compilers.llvmgcc42;
				HEADER_SEARCH_PATHS = (
					../three20/Build/Products/three20,
					../tapkulibrary/src,
				);
				INFOPLIST_FILE = "TNWLM2-Info.plist";
				IPHONEOS_DEPLOYMENT_TARGET = 3.0;
				LD_MAP_FILE_PATH = "";
				LIBRARY_SEARCH_PATHS = /usr/lib;
				OBJROOT = Build;
				ONLY_ACTIVE_ARCH = YES;
				OTHER_LDFLAGS = (
					"-all_load",
					"-licucore",
					"-ObjC",
				);
				PRECOMPS_INCLUDE_HEADERS_FROM_BUILT_PRODUCTS_DIR = YES;
				PRODUCT_NAME = TNWLM2;
				PROVISIONING_PROFILE = "";
				"PROVISIONING_PROFILE[sdk=iphoneos*]" = "";
				SYMROOT = Build/Products;
				TARGETED_DEVICE_FAMILY = "1,2";
			};
			name = Debug;
		};
		1D6058950D05DD3E006BFB54 /* Release */ = {
			isa = XCBuildConfiguration;
			buildSettings = {
				ALWAYS_SEARCH_USER_PATHS = NO;
				COPY_PHASE_STRIP = YES;
				FRAMEWORK_SEARCH_PATHS = (
					"\"$(SDKROOT)/Developer/Library/Frameworks\"",
					"$(inherited)",
				);
				GCC_PRECOMPILE_PREFIX_HEADER = YES;
				GCC_PREFIX_HEADER = TNWLM2_Prefix.pch;
				GCC_VERSION = com.apple.compilers.llvmgcc42;
				HEADER_SEARCH_PATHS = (
					../three20/Build/Products/three20,
					../tapkulibrary/src,
				);
				INFOPLIST_FILE = "TNWLM2-Info.plist";
				IPHONEOS_DEPLOYMENT_TARGET = 3.0;
				LD_MAP_FILE_PATH = "";
				LIBRARY_SEARCH_PATHS = /usr/lib;
				OBJROOT = Build;
				ONLY_ACTIVE_ARCH = YES;
				OTHER_LDFLAGS = (
					"-all_load",
					"-licucore",
					"-ObjC",
				);
				PRECOMPS_INCLUDE_HEADERS_FROM_BUILT_PRODUCTS_DIR = YES;
				PRODUCT_NAME = TNWLM2;
				SYMROOT = Build/Products;
				TARGETED_DEVICE_FAMILY = "1,2";
			};
			name = Release;
		};
		C01FCF4F08A954540054247B /* Debug */ = {
			isa = XCBuildConfiguration;
			buildSettings = {
				ARCHS = "$(ARCHS_STANDARD_32_BIT)";
				CODE_SIGN_IDENTITY = "iPhone Developer: Nikki Pack (P5HYE39C37)";
				"CODE_SIGN_IDENTITY[sdk=iphoneos*]" = "iPhone Developer: Nikki Pack (P5HYE39C37)";
				CURRENT_PROJECT_VERSION = "";
				GCC_C_LANGUAGE_STANDARD = c99;
				GCC_PREPROCESSOR_DEFINITIONS = (
					SHOUTCAST_METADATA,
					DEBUG,
				);
				GCC_VERSION = com.apple.compilers.llvmgcc42;
				GCC_WARN_ABOUT_RETURN_TYPE = YES;
				GCC_WARN_UNUSED_VARIABLE = YES;
				HEADER_SEARCH_PATHS = ../three20/Build/Products;
				IPHONEOS_DEPLOYMENT_TARGET = 3.1.2;
				LD_OPENMP_FLAGS = "-fopenmp";
				OTHER_LDFLAGS = (
					"-licucore",
					"-ObjC",
				);
				PREBINDING = NO;
				PROVISIONING_PROFILE = "3559CA4F-8B95-4A01-9DBB-EC17F338CCBE";
				"PROVISIONING_PROFILE[sdk=iphoneos*]" = "3559CA4F-8B95-4A01-9DBB-EC17F338CCBE";
				SDKROOT = iphoneos;
			};
			name = Debug;
		};
		C01FCF5008A954540054247B /* Release */ = {
			isa = XCBuildConfiguration;
			buildSettings = {
				ARCHS = "$(ARCHS_STANDARD_32_BIT)";
				CODE_SIGN_IDENTITY = "iPhone Developer";
				"CODE_SIGN_IDENTITY[sdk=iphoneos*]" = "iPhone Developer";
				CURRENT_PROJECT_VERSION = "";
				GCC_C_LANGUAGE_STANDARD = c99;
				GCC_PREPROCESSOR_DEFINITIONS = SHOUTCAST_METADATA;
				GCC_VERSION = com.apple.compilers.llvmgcc42;
				GCC_WARN_ABOUT_RETURN_TYPE = YES;
				GCC_WARN_UNUSED_VARIABLE = YES;
				HEADER_SEARCH_PATHS = ../three20/Build/Products;
				IPHONEOS_DEPLOYMENT_TARGET = 3.1.2;
				LD_OPENMP_FLAGS = "-fopenmp";
				OTHER_LDFLAGS = (
					"-licucore",
					"-ObjC",
				);
				PREBINDING = NO;
				PROVISIONING_PROFILE = "";
				"PROVISIONING_PROFILE[sdk=iphoneos*]" = "";
				SDKROOT = iphoneos;
			};
			name = Release;
		};
/* End XCBuildConfiguration section */

/* Begin XCConfigurationList section */
		1D6058960D05DD3E006BFB54 /* Build configuration list for PBXNativeTarget "TNWLM2" */ = {
			isa = XCConfigurationList;
			buildConfigurations = (
				1D6058940D05DD3E006BFB54 /* Debug */,
				1D6058950D05DD3E006BFB54 /* Release */,
			);
			defaultConfigurationIsVisible = 0;
			defaultConfigurationName = Release;
		};
		C01FCF4E08A954540054247B /* Build configuration list for PBXProject "TNWLM2" */ = {
			isa = XCConfigurationList;
			buildConfigurations = (
				C01FCF4F08A954540054247B /* Debug */,
				C01FCF5008A954540054247B /* Release */,
			);
			defaultConfigurationIsVisible = 0;
			defaultConfigurationName = Release;
		};
/* End XCConfigurationList section */
	};
	rootObject = 29B97313FDCFA39411CA2CEA /* Project object */;
}
